// !$*UTF8*$!
{
	archiveVersion = 1;
	classes = {
	};
	objectVersion = 55;
	objects = {

/* Begin PBXBuildFile section */
		C0457F7A2182BDB9D18D5DB0 /* Pods_Marvel_MarvelUITests.framework in Frameworks */ = {isa = PBXBuildFile; fileRef = C783467B3AE339E73B8985AC /* Pods_Marvel_MarvelUITests.framework */; };
		C27BAC3A27E3C7CB0068DEB9 /* AppDelegate.swift in Sources */ = {isa = PBXBuildFile; fileRef = C27BAC3927E3C7CB0068DEB9 /* AppDelegate.swift */; };
		C27BAC3C27E3C7CB0068DEB9 /* SceneDelegate.swift in Sources */ = {isa = PBXBuildFile; fileRef = C27BAC3B27E3C7CB0068DEB9 /* SceneDelegate.swift */; };
		C27BAC4627E3C7CE0068DEB9 /* Assets.xcassets in Resources */ = {isa = PBXBuildFile; fileRef = C27BAC4527E3C7CE0068DEB9 /* Assets.xcassets */; };
		C27BAC4927E3C7CE0068DEB9 /* LaunchScreen.storyboard in Resources */ = {isa = PBXBuildFile; fileRef = C27BAC4727E3C7CE0068DEB9 /* LaunchScreen.storyboard */; };
		C27BAC5E27E3C7CE0068DEB9 /* MarvelUITests.swift in Sources */ = {isa = PBXBuildFile; fileRef = C27BAC5D27E3C7CE0068DEB9 /* MarvelUITests.swift */; };
		C27BAC6027E3C7CE0068DEB9 /* MarvelUITestsLaunchTests.swift in Sources */ = {isa = PBXBuildFile; fileRef = C27BAC5F27E3C7CE0068DEB9 /* MarvelUITestsLaunchTests.swift */; };
		C27BAC7C27E3CA210068DEB9 /* UseCaseResult.swift in Sources */ = {isa = PBXBuildFile; fileRef = C27BAC7B27E3CA200068DEB9 /* UseCaseResult.swift */; };
		C27BAC7E27E3CA390068DEB9 /* BaseUseCase.swift in Sources */ = {isa = PBXBuildFile; fileRef = C27BAC7D27E3CA390068DEB9 /* BaseUseCase.swift */; };
		C27BAC8927E3CBC00068DEB9 /* ServiceLocator.swift in Sources */ = {isa = PBXBuildFile; fileRef = C27BAC8727E3CBC00068DEB9 /* ServiceLocator.swift */; };
		C27BAC8D27E3CD330068DEB9 /* MainServiceLocator.swift in Sources */ = {isa = PBXBuildFile; fileRef = C27BAC8C27E3CD330068DEB9 /* MainServiceLocator.swift */; };
		C27BAC9627E3CE500068DEB9 /* Presenter.swift in Sources */ = {isa = PBXBuildFile; fileRef = C27BAC9527E3CE500068DEB9 /* Presenter.swift */; };
		C27BAC9827E3CE6C0068DEB9 /* BasePresenter.swift in Sources */ = {isa = PBXBuildFile; fileRef = C27BAC9727E3CE6C0068DEB9 /* BasePresenter.swift */; };
		C27BAC9A27E3CE920068DEB9 /* BasePresenterView.swift in Sources */ = {isa = PBXBuildFile; fileRef = C27BAC9927E3CE920068DEB9 /* BasePresenterView.swift */; };
		C27BAC9C27E3CED20068DEB9 /* BaseViewController.swift in Sources */ = {isa = PBXBuildFile; fileRef = C27BAC9B27E3CED20068DEB9 /* BaseViewController.swift */; };
		C2D924202804AE9B00CF1AF0 /* Marvel.xcdatamodeld in Sources */ = {isa = PBXBuildFile; fileRef = C2D9241E2804AE9B00CF1AF0 /* Marvel.xcdatamodeld */; };
		C2D924242804B09C00CF1AF0 /* APILogger.swift in Sources */ = {isa = PBXBuildFile; fileRef = C2D924232804B09C00CF1AF0 /* APILogger.swift */; };
		C2D924262804B0AF00CF1AF0 /* APIResponseValidator.swift in Sources */ = {isa = PBXBuildFile; fileRef = C2D924252804B0AF00CF1AF0 /* APIResponseValidator.swift */; };
		C2D9242B2804B1E300CF1AF0 /* PaginationRequest.swift in Sources */ = {isa = PBXBuildFile; fileRef = C2D9242A2804B1E300CF1AF0 /* PaginationRequest.swift */; };
		C2D9242D2804B1F700CF1AF0 /* CharacterRequest.swift in Sources */ = {isa = PBXBuildFile; fileRef = C2D9242C2804B1F700CF1AF0 /* CharacterRequest.swift */; };
		C2D9242F2804B20B00CF1AF0 /* ComicRequest.swift in Sources */ = {isa = PBXBuildFile; fileRef = C2D9242E2804B20B00CF1AF0 /* ComicRequest.swift */; };
		C2D924312804B25000CF1AF0 /* CharacterDataWrapperResponse.swift in Sources */ = {isa = PBXBuildFile; fileRef = C2D924302804B25000CF1AF0 /* CharacterDataWrapperResponse.swift */; };
		C2D924332804B27900CF1AF0 /* CharacterDataContainerResponse.swift in Sources */ = {isa = PBXBuildFile; fileRef = C2D924322804B27900CF1AF0 /* CharacterDataContainerResponse.swift */; };
		C2D924352804B29200CF1AF0 /* CharacterResponse.swift in Sources */ = {isa = PBXBuildFile; fileRef = C2D924342804B29200CF1AF0 /* CharacterResponse.swift */; };
		C2D924372804B2A300CF1AF0 /* ThumbnailResponse.swift in Sources */ = {isa = PBXBuildFile; fileRef = C2D924362804B2A300CF1AF0 /* ThumbnailResponse.swift */; };
		C2D924392804B2BA00CF1AF0 /* CharacterURLResponse.swift in Sources */ = {isa = PBXBuildFile; fileRef = C2D924382804B2BA00CF1AF0 /* CharacterURLResponse.swift */; };
		C2D9243B2804B2D000CF1AF0 /* ComicDataWrapperResponse.swift in Sources */ = {isa = PBXBuildFile; fileRef = C2D9243A2804B2D000CF1AF0 /* ComicDataWrapperResponse.swift */; };
		C2D9243D2804B2E400CF1AF0 /* ComicDataContainerResponse.swift in Sources */ = {isa = PBXBuildFile; fileRef = C2D9243C2804B2E400CF1AF0 /* ComicDataContainerResponse.swift */; };
		C2D9243F2804B2F400CF1AF0 /* ComicResponse.swift in Sources */ = {isa = PBXBuildFile; fileRef = C2D9243E2804B2F400CF1AF0 /* ComicResponse.swift */; };
		C2D924412804B30500CF1AF0 /* SerieDataWrapperResponse.swift in Sources */ = {isa = PBXBuildFile; fileRef = C2D924402804B30500CF1AF0 /* SerieDataWrapperResponse.swift */; };
		C2D924432804B31600CF1AF0 /* SerieDataContainerResponse.swift in Sources */ = {isa = PBXBuildFile; fileRef = C2D924422804B31600CF1AF0 /* SerieDataContainerResponse.swift */; };
		C2D924452804B32700CF1AF0 /* SerieResponse.swift in Sources */ = {isa = PBXBuildFile; fileRef = C2D924442804B32700CF1AF0 /* SerieResponse.swift */; };
		C2D924472804B33900CF1AF0 /* StoryDataWrapperResponse.swift in Sources */ = {isa = PBXBuildFile; fileRef = C2D924462804B33900CF1AF0 /* StoryDataWrapperResponse.swift */; };
		C2D924492804B34900CF1AF0 /* StoryDataContainerResponse.swift in Sources */ = {isa = PBXBuildFile; fileRef = C2D924482804B34900CF1AF0 /* StoryDataContainerResponse.swift */; };
		C2D9244B2804B35A00CF1AF0 /* StoryResponse.swift in Sources */ = {isa = PBXBuildFile; fileRef = C2D9244A2804B35A00CF1AF0 /* StoryResponse.swift */; };
		C2D9244D2804B37D00CF1AF0 /* ApiMarvel.swift in Sources */ = {isa = PBXBuildFile; fileRef = C2D9244C2804B37D00CF1AF0 /* ApiMarvel.swift */; };
		C2D9244F2804B39E00CF1AF0 /* ApiMarvelEndpoints.swift in Sources */ = {isa = PBXBuildFile; fileRef = C2D9244E2804B39E00CF1AF0 /* ApiMarvelEndpoints.swift */; };
		C2D924512804B3BD00CF1AF0 /* ApiMarvelError.swift in Sources */ = {isa = PBXBuildFile; fileRef = C2D924502804B3BD00CF1AF0 /* ApiMarvelError.swift */; };
		C2D924532804B3D300CF1AF0 /* ApiMarvel_Characters.swift in Sources */ = {isa = PBXBuildFile; fileRef = C2D924522804B3D300CF1AF0 /* ApiMarvel_Characters.swift */; };
		C2D924552804B3F100CF1AF0 /* ApiMarvel_Character.swift in Sources */ = {isa = PBXBuildFile; fileRef = C2D924542804B3F100CF1AF0 /* ApiMarvel_Character.swift */; };
		C2D924572804B40D00CF1AF0 /* ApiMarvel_Comics.swift in Sources */ = {isa = PBXBuildFile; fileRef = C2D924562804B40D00CF1AF0 /* ApiMarvel_Comics.swift */; };
		C2D924592804B42000CF1AF0 /* ApiMarvel_Series.swift in Sources */ = {isa = PBXBuildFile; fileRef = C2D924582804B42000CF1AF0 /* ApiMarvel_Series.swift */; };
		C2D9245B2804B43600CF1AF0 /* ApiMarvel_Stories.swift in Sources */ = {isa = PBXBuildFile; fileRef = C2D9245A2804B43600CF1AF0 /* ApiMarvel_Stories.swift */; };
		C2D9245D2804B66500CF1AF0 /* Hero.swift in Sources */ = {isa = PBXBuildFile; fileRef = C2D9245C2804B66500CF1AF0 /* Hero.swift */; };
		C2D9245F2804B67C00CF1AF0 /* Comic.swift in Sources */ = {isa = PBXBuildFile; fileRef = C2D9245E2804B67C00CF1AF0 /* Comic.swift */; };
		C2D924612804B68C00CF1AF0 /* Serie.swift in Sources */ = {isa = PBXBuildFile; fileRef = C2D924602804B68C00CF1AF0 /* Serie.swift */; };
		C2D924632804B69C00CF1AF0 /* Story.swift in Sources */ = {isa = PBXBuildFile; fileRef = C2D924622804B69C00CF1AF0 /* Story.swift */; };
		C2D924652804B6D900CF1AF0 /* SuperHeroDomain.swift in Sources */ = {isa = PBXBuildFile; fileRef = C2D924642804B6D900CF1AF0 /* SuperHeroDomain.swift */; };
		C2D924672804B6E700CF1AF0 /* HeroesUseCase.swift in Sources */ = {isa = PBXBuildFile; fileRef = C2D924662804B6E700CF1AF0 /* HeroesUseCase.swift */; };
		C2D9246A2804B7A500CF1AF0 /* Hero_convenience.swift in Sources */ = {isa = PBXBuildFile; fileRef = C2D924692804B7A500CF1AF0 /* Hero_convenience.swift */; };
		C2D9246C2804B7C000CF1AF0 /* Comic_convenience.swift in Sources */ = {isa = PBXBuildFile; fileRef = C2D9246B2804B7C000CF1AF0 /* Comic_convenience.swift */; };
		C2D9246E2804B7D800CF1AF0 /* Serie_convenience.swift in Sources */ = {isa = PBXBuildFile; fileRef = C2D9246D2804B7D800CF1AF0 /* Serie_convenience.swift */; };
		C2D924702804B7F100CF1AF0 /* Story_convenience.swift in Sources */ = {isa = PBXBuildFile; fileRef = C2D9246F2804B7F100CF1AF0 /* Story_convenience.swift */; };
		C2D924722804B90D00CF1AF0 /* HeroUseCase.swift in Sources */ = {isa = PBXBuildFile; fileRef = C2D924712804B90D00CF1AF0 /* HeroUseCase.swift */; };
		C2D9247C2804C2F200CF1AF0 /* MainFooterView.swift in Sources */ = {isa = PBXBuildFile; fileRef = C2D924732804C2F200CF1AF0 /* MainFooterView.swift */; };
		C2D9247D2804C2F200CF1AF0 /* MainViewController.xib in Resources */ = {isa = PBXBuildFile; fileRef = C2D924742804C2F200CF1AF0 /* MainViewController.xib */; };
		C2D9247E2804C2F200CF1AF0 /* MainHeaderView.xib in Resources */ = {isa = PBXBuildFile; fileRef = C2D924752804C2F200CF1AF0 /* MainHeaderView.xib */; };
		C2D9247F2804C2F200CF1AF0 /* MainHeaderView.swift in Sources */ = {isa = PBXBuildFile; fileRef = C2D924762804C2F200CF1AF0 /* MainHeaderView.swift */; };
		C2D924802804C2F200CF1AF0 /* MainFooterView.xib in Resources */ = {isa = PBXBuildFile; fileRef = C2D924772804C2F200CF1AF0 /* MainFooterView.xib */; };
		C2D924812804C2F200CF1AF0 /* MainHiddenView.xib in Resources */ = {isa = PBXBuildFile; fileRef = C2D924782804C2F200CF1AF0 /* MainHiddenView.xib */; };
		C2D924822804C2F200CF1AF0 /* MainPresenter.swift in Sources */ = {isa = PBXBuildFile; fileRef = C2D924792804C2F200CF1AF0 /* MainPresenter.swift */; };
		C2D924832804C2F200CF1AF0 /* MainHiddenView.swift in Sources */ = {isa = PBXBuildFile; fileRef = C2D9247A2804C2F200CF1AF0 /* MainHiddenView.swift */; };
		C2D924842804C2F200CF1AF0 /* MainViewController.swift in Sources */ = {isa = PBXBuildFile; fileRef = C2D9247B2804C2F200CF1AF0 /* MainViewController.swift */; };
		C2D924882804C32C00CF1AF0 /* DetailPresenter.swift in Sources */ = {isa = PBXBuildFile; fileRef = C2D924852804C32C00CF1AF0 /* DetailPresenter.swift */; };
		C2D924892804C32C00CF1AF0 /* DetailViewController.swift in Sources */ = {isa = PBXBuildFile; fileRef = C2D924862804C32C00CF1AF0 /* DetailViewController.swift */; };
		C2D9248A2804C32C00CF1AF0 /* DetailViewController.xib in Resources */ = {isa = PBXBuildFile; fileRef = C2D924872804C32C00CF1AF0 /* DetailViewController.xib */; };
		C2D9248E2804C38500CF1AF0 /* UIView_xibFiles.swift in Sources */ = {isa = PBXBuildFile; fileRef = C2D9248D2804C38500CF1AF0 /* UIView_xibFiles.swift */; };
		C2D924912804C3AD00CF1AF0 /* UIImageView_RemoteImage.swift in Sources */ = {isa = PBXBuildFile; fileRef = C2D924902804C3AD00CF1AF0 /* UIImageView_RemoteImage.swift */; };
		C2D924932804C46D00CF1AF0 /* ColorsUI.swift in Sources */ = {isa = PBXBuildFile; fileRef = C2D924922804C46D00CF1AF0 /* ColorsUI.swift */; };
		C2D924952804C49700CF1AF0 /* Colors.xcassets in Resources */ = {isa = PBXBuildFile; fileRef = C2D924942804C49700CF1AF0 /* Colors.xcassets */; };
		C2D9249A2804C60400CF1AF0 /* Road_Rage.otf in Resources */ = {isa = PBXBuildFile; fileRef = C2D924982804C60400CF1AF0 /* Road_Rage.otf */; };
		C2D9249B2804C60400CF1AF0 /* READ ME.txt in Resources */ = {isa = PBXBuildFile; fileRef = C2D924992804C60400CF1AF0 /* READ ME.txt */; };
		C2D9249D2804C65B00CF1AF0 /* AvatarViewData.swift in Sources */ = {isa = PBXBuildFile; fileRef = C2D9249C2804C65B00CF1AF0 /* AvatarViewData.swift */; };
		C2D9249F2804C67E00CF1AF0 /* HeroViewData.swift in Sources */ = {isa = PBXBuildFile; fileRef = C2D9249E2804C67E00CF1AF0 /* HeroViewData.swift */; };
		C2D924A12804C69F00CF1AF0 /* ComicViewData.swift in Sources */ = {isa = PBXBuildFile; fileRef = C2D924A02804C69F00CF1AF0 /* ComicViewData.swift */; };
		C2D924A32804C6B400CF1AF0 /* HeroDetailViewData.swift in Sources */ = {isa = PBXBuildFile; fileRef = C2D924A22804C6B400CF1AF0 /* HeroDetailViewData.swift */; };
		C2D924A52804C6D600CF1AF0 /* SerieViewData.swift in Sources */ = {isa = PBXBuildFile; fileRef = C2D924A42804C6D600CF1AF0 /* SerieViewData.swift */; };
		C2D924A72804C6E700CF1AF0 /* StoryViewData.swift in Sources */ = {isa = PBXBuildFile; fileRef = C2D924A62804C6E700CF1AF0 /* StoryViewData.swift */; };
		C2D924A92804C70C00CF1AF0 /* RouterController.swift in Sources */ = {isa = PBXBuildFile; fileRef = C2D924A82804C70C00CF1AF0 /* RouterController.swift */; };
		C2D924B82804C77600CF1AF0 /* CoverCell.swift in Sources */ = {isa = PBXBuildFile; fileRef = C2D924AB2804C77600CF1AF0 /* CoverCell.swift */; };
		C2D924B92804C77600CF1AF0 /* CoverCell.xib in Resources */ = {isa = PBXBuildFile; fileRef = C2D924AC2804C77600CF1AF0 /* CoverCell.xib */; };
		C2D924BA2804C77600CF1AF0 /* HeroCell.xib in Resources */ = {isa = PBXBuildFile; fileRef = C2D924AE2804C77600CF1AF0 /* HeroCell.xib */; };
		C2D924BB2804C77600CF1AF0 /* HeroCell.swift in Sources */ = {isa = PBXBuildFile; fileRef = C2D924AF2804C77600CF1AF0 /* HeroCell.swift */; };
		C2D924BC2804C77600CF1AF0 /* StoryCell.xib in Resources */ = {isa = PBXBuildFile; fileRef = C2D924B12804C77600CF1AF0 /* StoryCell.xib */; };
		C2D924BD2804C77600CF1AF0 /* StoryCell.swift in Sources */ = {isa = PBXBuildFile; fileRef = C2D924B22804C77600CF1AF0 /* StoryCell.swift */; };
		C2D924BE2804C77600CF1AF0 /* GradientView.swift in Sources */ = {isa = PBXBuildFile; fileRef = C2D924B42804C77600CF1AF0 /* GradientView.swift */; };
		C2D924BF2804C77600CF1AF0 /* ComicMaskView.swift in Sources */ = {isa = PBXBuildFile; fileRef = C2D924B62804C77600CF1AF0 /* ComicMaskView.swift */; };
		C2D924C02804C77600CF1AF0 /* ComicMaskType.swift in Sources */ = {isa = PBXBuildFile; fileRef = C2D924B72804C77600CF1AF0 /* ComicMaskType.swift */; };
		C2D924C42804D7B500CF1AF0 /* PopularCell.swift in Sources */ = {isa = PBXBuildFile; fileRef = C2D924C22804D7B500CF1AF0 /* PopularCell.swift */; };
		C2D924C52804D7B500CF1AF0 /* PopularCell.xib in Resources */ = {isa = PBXBuildFile; fileRef = C2D924C32804D7B500CF1AF0 /* PopularCell.xib */; };
		C2D924C72804DAF200CF1AF0 /* PopularHeroesUseCase.swift in Sources */ = {isa = PBXBuildFile; fileRef = C2D924C62804DAF200CF1AF0 /* PopularHeroesUseCase.swift */; };
		C2D924D22804EAB300CF1AF0 /* HeroViewDataTest.swift in Sources */ = {isa = PBXBuildFile; fileRef = C2D924D12804EAB300CF1AF0 /* HeroViewDataTest.swift */; };
		C2D924D42804EB2200CF1AF0 /* ComicViewDataTest.swift in Sources */ = {isa = PBXBuildFile; fileRef = C2D924D32804EB2200CF1AF0 /* ComicViewDataTest.swift */; };
		C2D924D62804EB9700CF1AF0 /* SerieViewDataTest.swift in Sources */ = {isa = PBXBuildFile; fileRef = C2D924D52804EB9700CF1AF0 /* SerieViewDataTest.swift */; };
		C2D924D82804EBCC00CF1AF0 /* StoryViewDataTest.swift in Sources */ = {isa = PBXBuildFile; fileRef = C2D924D72804EBCC00CF1AF0 /* StoryViewDataTest.swift */; };
		C2D924DA2804EC1300CF1AF0 /* HeroDetailViewDataTest.swift in Sources */ = {isa = PBXBuildFile; fileRef = C2D924D92804EC1300CF1AF0 /* HeroDetailViewDataTest.swift */; };
		C2D924DC2804EC6C00CF1AF0 /* HeroTest.swift in Sources */ = {isa = PBXBuildFile; fileRef = C2D924DB2804EC6C00CF1AF0 /* HeroTest.swift */; };
		C2D924DE2804EC9600CF1AF0 /* ComicTest.swift in Sources */ = {isa = PBXBuildFile; fileRef = C2D924DD2804EC9600CF1AF0 /* ComicTest.swift */; };
		C2D924E02804ECB800CF1AF0 /* SerieTest.swift in Sources */ = {isa = PBXBuildFile; fileRef = C2D924DF2804ECB800CF1AF0 /* SerieTest.swift */; };
		C2D924E22804ECCE00CF1AF0 /* StoryTest.swift in Sources */ = {isa = PBXBuildFile; fileRef = C2D924E12804ECCE00CF1AF0 /* StoryTest.swift */; };
		C2D924EB280598E700CF1AF0 /* HttpClient.swift in Sources */ = {isa = PBXBuildFile; fileRef = C2D924EA280598E700CF1AF0 /* HttpClient.swift */; };
		C2D924ED2805B0DE00CF1AF0 /* ApiMarvelCharactersTest.swift in Sources */ = {isa = PBXBuildFile; fileRef = C2D924EC2805B0DE00CF1AF0 /* ApiMarvelCharactersTest.swift */; };
		C2D924EF2805BAF800CF1AF0 /* MockHttpClient.swift in Sources */ = {isa = PBXBuildFile; fileRef = C2D924EE2805BAF800CF1AF0 /* MockHttpClient.swift */; };
		C2D924F12805D23800CF1AF0 /* ApiMarvelCharacterTest.swift in Sources */ = {isa = PBXBuildFile; fileRef = C2D924F02805D23800CF1AF0 /* ApiMarvelCharacterTest.swift */; };
		C2D924F32805D8C700CF1AF0 /* ApiMarvelComicsTest.swift in Sources */ = {isa = PBXBuildFile; fileRef = C2D924F22805D8C700CF1AF0 /* ApiMarvelComicsTest.swift */; };
		C2D924F52805E40600CF1AF0 /* ApiMarvelSeriesTest.swift in Sources */ = {isa = PBXBuildFile; fileRef = C2D924F42805E40600CF1AF0 /* ApiMarvelSeriesTest.swift */; };
		C2D924F72805E59000CF1AF0 /* ApiMarvelStoriesTest.swift in Sources */ = {isa = PBXBuildFile; fileRef = C2D924F62805E59000CF1AF0 /* ApiMarvelStoriesTest.swift */; };
		F74E187618E154A971D48D26 /* Pods_Marvel.framework in Frameworks */ = {isa = PBXBuildFile; fileRef = 435C4A6A499FAC4DB88029ED /* Pods_Marvel.framework */; };
		FEF3ACC47084C83D079889B3 /* Pods_MarvelTests.framework in Frameworks */ = {isa = PBXBuildFile; fileRef = 15E4605636D123D0A71F8038 /* Pods_MarvelTests.framework */; };
/* End PBXBuildFile section */

/* Begin PBXContainerItemProxy section */
		C27BAC5027E3C7CE0068DEB9 /* PBXContainerItemProxy */ = {
			isa = PBXContainerItemProxy;
			containerPortal = C27BAC2E27E3C7CB0068DEB9 /* Project object */;
			proxyType = 1;
			remoteGlobalIDString = C27BAC3527E3C7CB0068DEB9;
			remoteInfo = MVPFramework;
		};
		C27BAC5A27E3C7CE0068DEB9 /* PBXContainerItemProxy */ = {
			isa = PBXContainerItemProxy;
			containerPortal = C27BAC2E27E3C7CB0068DEB9 /* Project object */;
			proxyType = 1;
			remoteGlobalIDString = C27BAC3527E3C7CB0068DEB9;
			remoteInfo = MVPFramework;
		};
/* End PBXContainerItemProxy section */

/* Begin PBXFileReference section */
		0853C656108E1DD632651B90 /* Pods-Marvel.debug.xcconfig */ = {isa = PBXFileReference; includeInIndex = 1; lastKnownFileType = text.xcconfig; name = "Pods-Marvel.debug.xcconfig"; path = "Target Support Files/Pods-Marvel/Pods-Marvel.debug.xcconfig"; sourceTree = "<group>"; };
		15E4605636D123D0A71F8038 /* Pods_MarvelTests.framework */ = {isa = PBXFileReference; explicitFileType = wrapper.framework; includeInIndex = 0; path = Pods_MarvelTests.framework; sourceTree = BUILT_PRODUCTS_DIR; };
		2E17B1A7FA082913A86F3DCA /* Pods-MarvelTests.debug.xcconfig */ = {isa = PBXFileReference; includeInIndex = 1; lastKnownFileType = text.xcconfig; name = "Pods-MarvelTests.debug.xcconfig"; path = "Target Support Files/Pods-MarvelTests/Pods-MarvelTests.debug.xcconfig"; sourceTree = "<group>"; };
		435C4A6A499FAC4DB88029ED /* Pods_Marvel.framework */ = {isa = PBXFileReference; explicitFileType = wrapper.framework; includeInIndex = 0; path = Pods_Marvel.framework; sourceTree = BUILT_PRODUCTS_DIR; };
		5EC34A50B24A67B36F379912 /* Pods-Marvel-MarvelUITests.debug.xcconfig */ = {isa = PBXFileReference; includeInIndex = 1; lastKnownFileType = text.xcconfig; name = "Pods-Marvel-MarvelUITests.debug.xcconfig"; path = "Target Support Files/Pods-Marvel-MarvelUITests/Pods-Marvel-MarvelUITests.debug.xcconfig"; sourceTree = "<group>"; };
		73E836C8F7AAB0325D468764 /* Pods-Marvel.release.xcconfig */ = {isa = PBXFileReference; includeInIndex = 1; lastKnownFileType = text.xcconfig; name = "Pods-Marvel.release.xcconfig"; path = "Target Support Files/Pods-Marvel/Pods-Marvel.release.xcconfig"; sourceTree = "<group>"; };
		A3FE70C9C5B73AEFF2A4BBBF /* Pods-MarvelTests.release.xcconfig */ = {isa = PBXFileReference; includeInIndex = 1; lastKnownFileType = text.xcconfig; name = "Pods-MarvelTests.release.xcconfig"; path = "Target Support Files/Pods-MarvelTests/Pods-MarvelTests.release.xcconfig"; sourceTree = "<group>"; };
		ACAD733BCB4155247C1315F2 /* Pods-Marvel-MarvelUITests.release.xcconfig */ = {isa = PBXFileReference; includeInIndex = 1; lastKnownFileType = text.xcconfig; name = "Pods-Marvel-MarvelUITests.release.xcconfig"; path = "Target Support Files/Pods-Marvel-MarvelUITests/Pods-Marvel-MarvelUITests.release.xcconfig"; sourceTree = "<group>"; };
		C27BAC3627E3C7CB0068DEB9 /* Marvel.app */ = {isa = PBXFileReference; explicitFileType = wrapper.application; includeInIndex = 0; path = Marvel.app; sourceTree = BUILT_PRODUCTS_DIR; };
		C27BAC3927E3C7CB0068DEB9 /* AppDelegate.swift */ = {isa = PBXFileReference; lastKnownFileType = sourcecode.swift; path = AppDelegate.swift; sourceTree = "<group>"; };
		C27BAC3B27E3C7CB0068DEB9 /* SceneDelegate.swift */ = {isa = PBXFileReference; lastKnownFileType = sourcecode.swift; path = SceneDelegate.swift; sourceTree = "<group>"; };
		C27BAC4527E3C7CE0068DEB9 /* Assets.xcassets */ = {isa = PBXFileReference; lastKnownFileType = folder.assetcatalog; path = Assets.xcassets; sourceTree = "<group>"; };
		C27BAC4827E3C7CE0068DEB9 /* Base */ = {isa = PBXFileReference; lastKnownFileType = file.storyboard; name = Base; path = Base.lproj/LaunchScreen.storyboard; sourceTree = "<group>"; };
		C27BAC4A27E3C7CE0068DEB9 /* Info.plist */ = {isa = PBXFileReference; lastKnownFileType = text.plist.xml; path = Info.plist; sourceTree = "<group>"; };
		C27BAC4F27E3C7CE0068DEB9 /* MarvelTests.xctest */ = {isa = PBXFileReference; explicitFileType = wrapper.cfbundle; includeInIndex = 0; path = MarvelTests.xctest; sourceTree = BUILT_PRODUCTS_DIR; };
		C27BAC5927E3C7CE0068DEB9 /* MarvelUITests.xctest */ = {isa = PBXFileReference; explicitFileType = wrapper.cfbundle; includeInIndex = 0; path = MarvelUITests.xctest; sourceTree = BUILT_PRODUCTS_DIR; };
		C27BAC5D27E3C7CE0068DEB9 /* MarvelUITests.swift */ = {isa = PBXFileReference; lastKnownFileType = sourcecode.swift; path = MarvelUITests.swift; sourceTree = "<group>"; };
		C27BAC5F27E3C7CE0068DEB9 /* MarvelUITestsLaunchTests.swift */ = {isa = PBXFileReference; lastKnownFileType = sourcecode.swift; path = MarvelUITestsLaunchTests.swift; sourceTree = "<group>"; };
		C27BAC7B27E3CA200068DEB9 /* UseCaseResult.swift */ = {isa = PBXFileReference; lastKnownFileType = sourcecode.swift; path = UseCaseResult.swift; sourceTree = "<group>"; };
		C27BAC7D27E3CA390068DEB9 /* BaseUseCase.swift */ = {isa = PBXFileReference; lastKnownFileType = sourcecode.swift; path = BaseUseCase.swift; sourceTree = "<group>"; };
		C27BAC8727E3CBC00068DEB9 /* ServiceLocator.swift */ = {isa = PBXFileReference; fileEncoding = 4; lastKnownFileType = sourcecode.swift; path = ServiceLocator.swift; sourceTree = "<group>"; };
		C27BAC8C27E3CD330068DEB9 /* MainServiceLocator.swift */ = {isa = PBXFileReference; lastKnownFileType = sourcecode.swift; path = MainServiceLocator.swift; sourceTree = "<group>"; };
		C27BAC9527E3CE500068DEB9 /* Presenter.swift */ = {isa = PBXFileReference; lastKnownFileType = sourcecode.swift; path = Presenter.swift; sourceTree = "<group>"; };
		C27BAC9727E3CE6C0068DEB9 /* BasePresenter.swift */ = {isa = PBXFileReference; lastKnownFileType = sourcecode.swift; path = BasePresenter.swift; sourceTree = "<group>"; };
		C27BAC9927E3CE920068DEB9 /* BasePresenterView.swift */ = {isa = PBXFileReference; lastKnownFileType = sourcecode.swift; path = BasePresenterView.swift; sourceTree = "<group>"; };
		C27BAC9B27E3CED20068DEB9 /* BaseViewController.swift */ = {isa = PBXFileReference; lastKnownFileType = sourcecode.swift; path = BaseViewController.swift; sourceTree = "<group>"; };
		C2D9241F2804AE9B00CF1AF0 /* Marvel.xcdatamodel */ = {isa = PBXFileReference; lastKnownFileType = wrapper.xcdatamodel; path = Marvel.xcdatamodel; sourceTree = "<group>"; };
		C2D924232804B09C00CF1AF0 /* APILogger.swift */ = {isa = PBXFileReference; lastKnownFileType = sourcecode.swift; path = APILogger.swift; sourceTree = "<group>"; };
		C2D924252804B0AF00CF1AF0 /* APIResponseValidator.swift */ = {isa = PBXFileReference; lastKnownFileType = sourcecode.swift; path = APIResponseValidator.swift; sourceTree = "<group>"; };
		C2D9242A2804B1E300CF1AF0 /* PaginationRequest.swift */ = {isa = PBXFileReference; lastKnownFileType = sourcecode.swift; path = PaginationRequest.swift; sourceTree = "<group>"; };
		C2D9242C2804B1F700CF1AF0 /* CharacterRequest.swift */ = {isa = PBXFileReference; lastKnownFileType = sourcecode.swift; path = CharacterRequest.swift; sourceTree = "<group>"; };
		C2D9242E2804B20B00CF1AF0 /* ComicRequest.swift */ = {isa = PBXFileReference; lastKnownFileType = sourcecode.swift; path = ComicRequest.swift; sourceTree = "<group>"; };
		C2D924302804B25000CF1AF0 /* CharacterDataWrapperResponse.swift */ = {isa = PBXFileReference; lastKnownFileType = sourcecode.swift; path = CharacterDataWrapperResponse.swift; sourceTree = "<group>"; };
		C2D924322804B27900CF1AF0 /* CharacterDataContainerResponse.swift */ = {isa = PBXFileReference; lastKnownFileType = sourcecode.swift; path = CharacterDataContainerResponse.swift; sourceTree = "<group>"; };
		C2D924342804B29200CF1AF0 /* CharacterResponse.swift */ = {isa = PBXFileReference; lastKnownFileType = sourcecode.swift; path = CharacterResponse.swift; sourceTree = "<group>"; };
		C2D924362804B2A300CF1AF0 /* ThumbnailResponse.swift */ = {isa = PBXFileReference; lastKnownFileType = sourcecode.swift; path = ThumbnailResponse.swift; sourceTree = "<group>"; };
		C2D924382804B2BA00CF1AF0 /* CharacterURLResponse.swift */ = {isa = PBXFileReference; lastKnownFileType = sourcecode.swift; path = CharacterURLResponse.swift; sourceTree = "<group>"; };
		C2D9243A2804B2D000CF1AF0 /* ComicDataWrapperResponse.swift */ = {isa = PBXFileReference; lastKnownFileType = sourcecode.swift; path = ComicDataWrapperResponse.swift; sourceTree = "<group>"; };
		C2D9243C2804B2E400CF1AF0 /* ComicDataContainerResponse.swift */ = {isa = PBXFileReference; lastKnownFileType = sourcecode.swift; path = ComicDataContainerResponse.swift; sourceTree = "<group>"; };
		C2D9243E2804B2F400CF1AF0 /* ComicResponse.swift */ = {isa = PBXFileReference; lastKnownFileType = sourcecode.swift; path = ComicResponse.swift; sourceTree = "<group>"; };
		C2D924402804B30500CF1AF0 /* SerieDataWrapperResponse.swift */ = {isa = PBXFileReference; lastKnownFileType = sourcecode.swift; path = SerieDataWrapperResponse.swift; sourceTree = "<group>"; };
		C2D924422804B31600CF1AF0 /* SerieDataContainerResponse.swift */ = {isa = PBXFileReference; lastKnownFileType = sourcecode.swift; path = SerieDataContainerResponse.swift; sourceTree = "<group>"; };
		C2D924442804B32700CF1AF0 /* SerieResponse.swift */ = {isa = PBXFileReference; lastKnownFileType = sourcecode.swift; path = SerieResponse.swift; sourceTree = "<group>"; };
		C2D924462804B33900CF1AF0 /* StoryDataWrapperResponse.swift */ = {isa = PBXFileReference; lastKnownFileType = sourcecode.swift; path = StoryDataWrapperResponse.swift; sourceTree = "<group>"; };
		C2D924482804B34900CF1AF0 /* StoryDataContainerResponse.swift */ = {isa = PBXFileReference; lastKnownFileType = sourcecode.swift; path = StoryDataContainerResponse.swift; sourceTree = "<group>"; };
		C2D9244A2804B35A00CF1AF0 /* StoryResponse.swift */ = {isa = PBXFileReference; lastKnownFileType = sourcecode.swift; path = StoryResponse.swift; sourceTree = "<group>"; };
		C2D9244C2804B37D00CF1AF0 /* ApiMarvel.swift */ = {isa = PBXFileReference; lastKnownFileType = sourcecode.swift; path = ApiMarvel.swift; sourceTree = "<group>"; };
		C2D9244E2804B39E00CF1AF0 /* ApiMarvelEndpoints.swift */ = {isa = PBXFileReference; lastKnownFileType = sourcecode.swift; path = ApiMarvelEndpoints.swift; sourceTree = "<group>"; };
		C2D924502804B3BD00CF1AF0 /* ApiMarvelError.swift */ = {isa = PBXFileReference; lastKnownFileType = sourcecode.swift; path = ApiMarvelError.swift; sourceTree = "<group>"; };
		C2D924522804B3D300CF1AF0 /* ApiMarvel_Characters.swift */ = {isa = PBXFileReference; lastKnownFileType = sourcecode.swift; path = ApiMarvel_Characters.swift; sourceTree = "<group>"; };
		C2D924542804B3F100CF1AF0 /* ApiMarvel_Character.swift */ = {isa = PBXFileReference; lastKnownFileType = sourcecode.swift; path = ApiMarvel_Character.swift; sourceTree = "<group>"; };
		C2D924562804B40D00CF1AF0 /* ApiMarvel_Comics.swift */ = {isa = PBXFileReference; lastKnownFileType = sourcecode.swift; path = ApiMarvel_Comics.swift; sourceTree = "<group>"; };
		C2D924582804B42000CF1AF0 /* ApiMarvel_Series.swift */ = {isa = PBXFileReference; lastKnownFileType = sourcecode.swift; path = ApiMarvel_Series.swift; sourceTree = "<group>"; };
		C2D9245A2804B43600CF1AF0 /* ApiMarvel_Stories.swift */ = {isa = PBXFileReference; lastKnownFileType = sourcecode.swift; path = ApiMarvel_Stories.swift; sourceTree = "<group>"; };
		C2D9245C2804B66500CF1AF0 /* Hero.swift */ = {isa = PBXFileReference; lastKnownFileType = sourcecode.swift; path = Hero.swift; sourceTree = "<group>"; };
		C2D9245E2804B67C00CF1AF0 /* Comic.swift */ = {isa = PBXFileReference; lastKnownFileType = sourcecode.swift; path = Comic.swift; sourceTree = "<group>"; };
		C2D924602804B68C00CF1AF0 /* Serie.swift */ = {isa = PBXFileReference; lastKnownFileType = sourcecode.swift; path = Serie.swift; sourceTree = "<group>"; };
		C2D924622804B69C00CF1AF0 /* Story.swift */ = {isa = PBXFileReference; lastKnownFileType = sourcecode.swift; path = Story.swift; sourceTree = "<group>"; };
		C2D924642804B6D900CF1AF0 /* SuperHeroDomain.swift */ = {isa = PBXFileReference; lastKnownFileType = sourcecode.swift; path = SuperHeroDomain.swift; sourceTree = "<group>"; };
		C2D924662804B6E700CF1AF0 /* HeroesUseCase.swift */ = {isa = PBXFileReference; lastKnownFileType = sourcecode.swift; path = HeroesUseCase.swift; sourceTree = "<group>"; };
		C2D924692804B7A500CF1AF0 /* Hero_convenience.swift */ = {isa = PBXFileReference; lastKnownFileType = sourcecode.swift; path = Hero_convenience.swift; sourceTree = "<group>"; };
		C2D9246B2804B7C000CF1AF0 /* Comic_convenience.swift */ = {isa = PBXFileReference; lastKnownFileType = sourcecode.swift; path = Comic_convenience.swift; sourceTree = "<group>"; };
		C2D9246D2804B7D800CF1AF0 /* Serie_convenience.swift */ = {isa = PBXFileReference; lastKnownFileType = sourcecode.swift; path = Serie_convenience.swift; sourceTree = "<group>"; };
		C2D9246F2804B7F100CF1AF0 /* Story_convenience.swift */ = {isa = PBXFileReference; lastKnownFileType = sourcecode.swift; path = Story_convenience.swift; sourceTree = "<group>"; };
		C2D924712804B90D00CF1AF0 /* HeroUseCase.swift */ = {isa = PBXFileReference; lastKnownFileType = sourcecode.swift; path = HeroUseCase.swift; sourceTree = "<group>"; };
		C2D924732804C2F200CF1AF0 /* MainFooterView.swift */ = {isa = PBXFileReference; fileEncoding = 4; lastKnownFileType = sourcecode.swift; path = MainFooterView.swift; sourceTree = "<group>"; };
		C2D924742804C2F200CF1AF0 /* MainViewController.xib */ = {isa = PBXFileReference; fileEncoding = 4; lastKnownFileType = file.xib; path = MainViewController.xib; sourceTree = "<group>"; };
		C2D924752804C2F200CF1AF0 /* MainHeaderView.xib */ = {isa = PBXFileReference; fileEncoding = 4; lastKnownFileType = file.xib; path = MainHeaderView.xib; sourceTree = "<group>"; };
		C2D924762804C2F200CF1AF0 /* MainHeaderView.swift */ = {isa = PBXFileReference; fileEncoding = 4; lastKnownFileType = sourcecode.swift; path = MainHeaderView.swift; sourceTree = "<group>"; };
		C2D924772804C2F200CF1AF0 /* MainFooterView.xib */ = {isa = PBXFileReference; fileEncoding = 4; lastKnownFileType = file.xib; path = MainFooterView.xib; sourceTree = "<group>"; };
		C2D924782804C2F200CF1AF0 /* MainHiddenView.xib */ = {isa = PBXFileReference; fileEncoding = 4; lastKnownFileType = file.xib; path = MainHiddenView.xib; sourceTree = "<group>"; };
		C2D924792804C2F200CF1AF0 /* MainPresenter.swift */ = {isa = PBXFileReference; fileEncoding = 4; lastKnownFileType = sourcecode.swift; path = MainPresenter.swift; sourceTree = "<group>"; };
		C2D9247A2804C2F200CF1AF0 /* MainHiddenView.swift */ = {isa = PBXFileReference; fileEncoding = 4; lastKnownFileType = sourcecode.swift; path = MainHiddenView.swift; sourceTree = "<group>"; };
		C2D9247B2804C2F200CF1AF0 /* MainViewController.swift */ = {isa = PBXFileReference; fileEncoding = 4; lastKnownFileType = sourcecode.swift; path = MainViewController.swift; sourceTree = "<group>"; };
		C2D924852804C32C00CF1AF0 /* DetailPresenter.swift */ = {isa = PBXFileReference; fileEncoding = 4; lastKnownFileType = sourcecode.swift; path = DetailPresenter.swift; sourceTree = "<group>"; };
		C2D924862804C32C00CF1AF0 /* DetailViewController.swift */ = {isa = PBXFileReference; fileEncoding = 4; lastKnownFileType = sourcecode.swift; path = DetailViewController.swift; sourceTree = "<group>"; };
		C2D924872804C32C00CF1AF0 /* DetailViewController.xib */ = {isa = PBXFileReference; fileEncoding = 4; lastKnownFileType = file.xib; path = DetailViewController.xib; sourceTree = "<group>"; };
		C2D9248D2804C38500CF1AF0 /* UIView_xibFiles.swift */ = {isa = PBXFileReference; lastKnownFileType = sourcecode.swift; path = UIView_xibFiles.swift; sourceTree = "<group>"; };
		C2D924902804C3AD00CF1AF0 /* UIImageView_RemoteImage.swift */ = {isa = PBXFileReference; lastKnownFileType = sourcecode.swift; path = UIImageView_RemoteImage.swift; sourceTree = "<group>"; };
		C2D924922804C46D00CF1AF0 /* ColorsUI.swift */ = {isa = PBXFileReference; lastKnownFileType = sourcecode.swift; path = ColorsUI.swift; sourceTree = "<group>"; };
		C2D924942804C49700CF1AF0 /* Colors.xcassets */ = {isa = PBXFileReference; lastKnownFileType = folder.assetcatalog; path = Colors.xcassets; sourceTree = "<group>"; };
		C2D924982804C60400CF1AF0 /* Road_Rage.otf */ = {isa = PBXFileReference; lastKnownFileType = file; path = Road_Rage.otf; sourceTree = "<group>"; };
		C2D924992804C60400CF1AF0 /* READ ME.txt */ = {isa = PBXFileReference; fileEncoding = 4; lastKnownFileType = text; path = "READ ME.txt"; sourceTree = "<group>"; };
		C2D9249C2804C65B00CF1AF0 /* AvatarViewData.swift */ = {isa = PBXFileReference; lastKnownFileType = sourcecode.swift; path = AvatarViewData.swift; sourceTree = "<group>"; };
		C2D9249E2804C67E00CF1AF0 /* HeroViewData.swift */ = {isa = PBXFileReference; lastKnownFileType = sourcecode.swift; path = HeroViewData.swift; sourceTree = "<group>"; };
		C2D924A02804C69F00CF1AF0 /* ComicViewData.swift */ = {isa = PBXFileReference; lastKnownFileType = sourcecode.swift; path = ComicViewData.swift; sourceTree = "<group>"; };
		C2D924A22804C6B400CF1AF0 /* HeroDetailViewData.swift */ = {isa = PBXFileReference; lastKnownFileType = sourcecode.swift; path = HeroDetailViewData.swift; sourceTree = "<group>"; };
		C2D924A42804C6D600CF1AF0 /* SerieViewData.swift */ = {isa = PBXFileReference; lastKnownFileType = sourcecode.swift; path = SerieViewData.swift; sourceTree = "<group>"; };
		C2D924A62804C6E700CF1AF0 /* StoryViewData.swift */ = {isa = PBXFileReference; lastKnownFileType = sourcecode.swift; path = StoryViewData.swift; sourceTree = "<group>"; };
		C2D924A82804C70C00CF1AF0 /* RouterController.swift */ = {isa = PBXFileReference; lastKnownFileType = sourcecode.swift; path = RouterController.swift; sourceTree = "<group>"; };
		C2D924AB2804C77600CF1AF0 /* CoverCell.swift */ = {isa = PBXFileReference; fileEncoding = 4; lastKnownFileType = sourcecode.swift; path = CoverCell.swift; sourceTree = "<group>"; };
		C2D924AC2804C77600CF1AF0 /* CoverCell.xib */ = {isa = PBXFileReference; fileEncoding = 4; lastKnownFileType = file.xib; path = CoverCell.xib; sourceTree = "<group>"; };
		C2D924AE2804C77600CF1AF0 /* HeroCell.xib */ = {isa = PBXFileReference; fileEncoding = 4; lastKnownFileType = file.xib; path = HeroCell.xib; sourceTree = "<group>"; };
		C2D924AF2804C77600CF1AF0 /* HeroCell.swift */ = {isa = PBXFileReference; fileEncoding = 4; lastKnownFileType = sourcecode.swift; path = HeroCell.swift; sourceTree = "<group>"; };
		C2D924B12804C77600CF1AF0 /* StoryCell.xib */ = {isa = PBXFileReference; fileEncoding = 4; lastKnownFileType = file.xib; path = StoryCell.xib; sourceTree = "<group>"; };
		C2D924B22804C77600CF1AF0 /* StoryCell.swift */ = {isa = PBXFileReference; fileEncoding = 4; lastKnownFileType = sourcecode.swift; path = StoryCell.swift; sourceTree = "<group>"; };
		C2D924B42804C77600CF1AF0 /* GradientView.swift */ = {isa = PBXFileReference; fileEncoding = 4; lastKnownFileType = sourcecode.swift; path = GradientView.swift; sourceTree = "<group>"; };
		C2D924B62804C77600CF1AF0 /* ComicMaskView.swift */ = {isa = PBXFileReference; fileEncoding = 4; lastKnownFileType = sourcecode.swift; path = ComicMaskView.swift; sourceTree = "<group>"; };
		C2D924B72804C77600CF1AF0 /* ComicMaskType.swift */ = {isa = PBXFileReference; fileEncoding = 4; lastKnownFileType = sourcecode.swift; path = ComicMaskType.swift; sourceTree = "<group>"; };
		C2D924C22804D7B500CF1AF0 /* PopularCell.swift */ = {isa = PBXFileReference; lastKnownFileType = sourcecode.swift; path = PopularCell.swift; sourceTree = "<group>"; };
		C2D924C32804D7B500CF1AF0 /* PopularCell.xib */ = {isa = PBXFileReference; lastKnownFileType = file.xib; path = PopularCell.xib; sourceTree = "<group>"; };
		C2D924C62804DAF200CF1AF0 /* PopularHeroesUseCase.swift */ = {isa = PBXFileReference; lastKnownFileType = sourcecode.swift; path = PopularHeroesUseCase.swift; sourceTree = "<group>"; };
		C2D924D12804EAB300CF1AF0 /* HeroViewDataTest.swift */ = {isa = PBXFileReference; lastKnownFileType = sourcecode.swift; path = HeroViewDataTest.swift; sourceTree = "<group>"; };
		C2D924D32804EB2200CF1AF0 /* ComicViewDataTest.swift */ = {isa = PBXFileReference; lastKnownFileType = sourcecode.swift; path = ComicViewDataTest.swift; sourceTree = "<group>"; };
		C2D924D52804EB9700CF1AF0 /* SerieViewDataTest.swift */ = {isa = PBXFileReference; lastKnownFileType = sourcecode.swift; path = SerieViewDataTest.swift; sourceTree = "<group>"; };
		C2D924D72804EBCC00CF1AF0 /* StoryViewDataTest.swift */ = {isa = PBXFileReference; lastKnownFileType = sourcecode.swift; path = StoryViewDataTest.swift; sourceTree = "<group>"; };
		C2D924D92804EC1300CF1AF0 /* HeroDetailViewDataTest.swift */ = {isa = PBXFileReference; lastKnownFileType = sourcecode.swift; path = HeroDetailViewDataTest.swift; sourceTree = "<group>"; };
		C2D924DB2804EC6C00CF1AF0 /* HeroTest.swift */ = {isa = PBXFileReference; lastKnownFileType = sourcecode.swift; path = HeroTest.swift; sourceTree = "<group>"; };
		C2D924DD2804EC9600CF1AF0 /* ComicTest.swift */ = {isa = PBXFileReference; lastKnownFileType = sourcecode.swift; path = ComicTest.swift; sourceTree = "<group>"; };
		C2D924DF2804ECB800CF1AF0 /* SerieTest.swift */ = {isa = PBXFileReference; lastKnownFileType = sourcecode.swift; path = SerieTest.swift; sourceTree = "<group>"; };
		C2D924E12804ECCE00CF1AF0 /* StoryTest.swift */ = {isa = PBXFileReference; lastKnownFileType = sourcecode.swift; path = StoryTest.swift; sourceTree = "<group>"; };
		C2D924EA280598E700CF1AF0 /* HttpClient.swift */ = {isa = PBXFileReference; lastKnownFileType = sourcecode.swift; path = HttpClient.swift; sourceTree = "<group>"; };
		C2D924EC2805B0DE00CF1AF0 /* ApiMarvelCharactersTest.swift */ = {isa = PBXFileReference; lastKnownFileType = sourcecode.swift; path = ApiMarvelCharactersTest.swift; sourceTree = "<group>"; };
		C2D924EE2805BAF800CF1AF0 /* MockHttpClient.swift */ = {isa = PBXFileReference; lastKnownFileType = sourcecode.swift; path = MockHttpClient.swift; sourceTree = "<group>"; };
		C2D924F02805D23800CF1AF0 /* ApiMarvelCharacterTest.swift */ = {isa = PBXFileReference; lastKnownFileType = sourcecode.swift; path = ApiMarvelCharacterTest.swift; sourceTree = "<group>"; };
		C2D924F22805D8C700CF1AF0 /* ApiMarvelComicsTest.swift */ = {isa = PBXFileReference; lastKnownFileType = sourcecode.swift; path = ApiMarvelComicsTest.swift; sourceTree = "<group>"; };
		C2D924F42805E40600CF1AF0 /* ApiMarvelSeriesTest.swift */ = {isa = PBXFileReference; lastKnownFileType = sourcecode.swift; path = ApiMarvelSeriesTest.swift; sourceTree = "<group>"; };
		C2D924F62805E59000CF1AF0 /* ApiMarvelStoriesTest.swift */ = {isa = PBXFileReference; lastKnownFileType = sourcecode.swift; path = ApiMarvelStoriesTest.swift; sourceTree = "<group>"; };
		C783467B3AE339E73B8985AC /* Pods_Marvel_MarvelUITests.framework */ = {isa = PBXFileReference; explicitFileType = wrapper.framework; includeInIndex = 0; path = Pods_Marvel_MarvelUITests.framework; sourceTree = BUILT_PRODUCTS_DIR; };
/* End PBXFileReference section */

/* Begin PBXFrameworksBuildPhase section */
		C27BAC3327E3C7CB0068DEB9 /* Frameworks */ = {
			isa = PBXFrameworksBuildPhase;
			buildActionMask = 2147483647;
			files = (
				F74E187618E154A971D48D26 /* Pods_Marvel.framework in Frameworks */,
			);
			runOnlyForDeploymentPostprocessing = 0;
		};
		C27BAC4C27E3C7CE0068DEB9 /* Frameworks */ = {
			isa = PBXFrameworksBuildPhase;
			buildActionMask = 2147483647;
			files = (
				FEF3ACC47084C83D079889B3 /* Pods_MarvelTests.framework in Frameworks */,
			);
			runOnlyForDeploymentPostprocessing = 0;
		};
		C27BAC5627E3C7CE0068DEB9 /* Frameworks */ = {
			isa = PBXFrameworksBuildPhase;
			buildActionMask = 2147483647;
			files = (
				C0457F7A2182BDB9D18D5DB0 /* Pods_Marvel_MarvelUITests.framework in Frameworks */,
			);
			runOnlyForDeploymentPostprocessing = 0;
		};
/* End PBXFrameworksBuildPhase section */

/* Begin PBXGroup section */
		4867345A50A2D34188F1E2E3 /* Frameworks */ = {
			isa = PBXGroup;
			children = (
				435C4A6A499FAC4DB88029ED /* Pods_Marvel.framework */,
				C783467B3AE339E73B8985AC /* Pods_Marvel_MarvelUITests.framework */,
				15E4605636D123D0A71F8038 /* Pods_MarvelTests.framework */,
			);
			name = Frameworks;
			sourceTree = "<group>";
		};
		C27BAC2D27E3C7CB0068DEB9 = {
			isa = PBXGroup;
			children = (
				C27BAC3827E3C7CB0068DEB9 /* Marvel */,
				C27BAC5227E3C7CE0068DEB9 /* MarvelTests */,
				C27BAC5C27E3C7CE0068DEB9 /* MarvelUITests */,
				C27BAC3727E3C7CB0068DEB9 /* Products */,
				C9B14D08A2C1863BA3C4B1BC /* Pods */,
				4867345A50A2D34188F1E2E3 /* Frameworks */,
			);
			sourceTree = "<group>";
		};
		C27BAC3727E3C7CB0068DEB9 /* Products */ = {
			isa = PBXGroup;
			children = (
				C27BAC3627E3C7CB0068DEB9 /* Marvel.app */,
				C27BAC4F27E3C7CE0068DEB9 /* MarvelTests.xctest */,
				C27BAC5927E3C7CE0068DEB9 /* MarvelUITests.xctest */,
			);
			name = Products;
			sourceTree = "<group>";
		};
		C27BAC3827E3C7CB0068DEB9 /* Marvel */ = {
			isa = PBXGroup;
			children = (
				C27BAC4A27E3C7CE0068DEB9 /* Info.plist */,
				C27BAC3927E3C7CB0068DEB9 /* AppDelegate.swift */,
				C27BAC3B27E3C7CB0068DEB9 /* SceneDelegate.swift */,
				C27BAC8527E3CBAF0068DEB9 /* Core */,
				C27BAC6C27E3C84F0068DEB9 /* Scenes */,
				C27BAC6D27E3C85D0068DEB9 /* Domain */,
				C27BAC6E27E3C8780068DEB9 /* Repositories */,
				C27BAC6F27E3C8910068DEB9 /* Networking */,
				C27BAC7027E3C8B80068DEB9 /* Helpers */,
				C27BAC7127E3C8DC0068DEB9 /* Resources */,
				C2D9241E2804AE9B00CF1AF0 /* Marvel.xcdatamodeld */,
			);
			path = Marvel;
			sourceTree = "<group>";
		};
		C27BAC5227E3C7CE0068DEB9 /* MarvelTests */ = {
			isa = PBXGroup;
			children = (
				C2D924CD2804EA4300CF1AF0 /* FastTests */,
				C2D924CE2804EA4D00CF1AF0 /* SlowTests */,
			);
			path = MarvelTests;
			sourceTree = "<group>";
		};
		C27BAC5C27E3C7CE0068DEB9 /* MarvelUITests */ = {
			isa = PBXGroup;
			children = (
				C27BAC5D27E3C7CE0068DEB9 /* MarvelUITests.swift */,
				C27BAC5F27E3C7CE0068DEB9 /* MarvelUITestsLaunchTests.swift */,
			);
			path = MarvelUITests;
			sourceTree = "<group>";
		};
		C27BAC6C27E3C84F0068DEB9 /* Scenes */ = {
			isa = PBXGroup;
			children = (
				C27BAC8B27E3CD080068DEB9 /* Common */,
				C27BAC8327E3CAF00068DEB9 /* Main */,
				C27BAC8427E3CAFC0068DEB9 /* Detail */,
			);
			path = Scenes;
			sourceTree = "<group>";
		};
		C27BAC6D27E3C85D0068DEB9 /* Domain */ = {
			isa = PBXGroup;
			children = (
				C27BAC7A27E3C9980068DEB9 /* Core */,
				C27BAC7927E3C9820068DEB9 /* UseCases */,
				C27BAC7827E3C9710068DEB9 /* Models */,
				C2D924682804B74900CF1AF0 /* Extensions */,
			);
			path = Domain;
			sourceTree = "<group>";
		};
		C27BAC6E27E3C8780068DEB9 /* Repositories */ = {
			isa = PBXGroup;
			children = (
				C2D924272804B19D00CF1AF0 /* ApiMarvel */,
			);
			path = Repositories;
			sourceTree = "<group>";
		};
		C27BAC6F27E3C8910068DEB9 /* Networking */ = {
			isa = PBXGroup;
			children = (
				C2D924EA280598E700CF1AF0 /* HttpClient.swift */,
				C2D924232804B09C00CF1AF0 /* APILogger.swift */,
				C2D924252804B0AF00CF1AF0 /* APIResponseValidator.swift */,
				C2D924EE2805BAF800CF1AF0 /* MockHttpClient.swift */,
			);
			path = Networking;
			sourceTree = "<group>";
		};
		C27BAC7027E3C8B80068DEB9 /* Helpers */ = {
			isa = PBXGroup;
			children = (
				C2D9248B2804C34500CF1AF0 /* Extensions */,
			);
			path = Helpers;
			sourceTree = "<group>";
		};
		C27BAC7127E3C8DC0068DEB9 /* Resources */ = {
			isa = PBXGroup;
			children = (
				C2D924962804C60400CF1AF0 /* fonts */,
				C27BAC4527E3C7CE0068DEB9 /* Assets.xcassets */,
				C27BAC4727E3C7CE0068DEB9 /* LaunchScreen.storyboard */,
				C2D924922804C46D00CF1AF0 /* ColorsUI.swift */,
				C2D924942804C49700CF1AF0 /* Colors.xcassets */,
			);
			path = Resources;
			sourceTree = "<group>";
		};
		C27BAC7827E3C9710068DEB9 /* Models */ = {
			isa = PBXGroup;
			children = (
				C2D9245C2804B66500CF1AF0 /* Hero.swift */,
				C2D9245E2804B67C00CF1AF0 /* Comic.swift */,
				C2D924602804B68C00CF1AF0 /* Serie.swift */,
				C2D924622804B69C00CF1AF0 /* Story.swift */,
			);
			path = Models;
			sourceTree = "<group>";
		};
		C27BAC7927E3C9820068DEB9 /* UseCases */ = {
			isa = PBXGroup;
			children = (
				C2D924642804B6D900CF1AF0 /* SuperHeroDomain.swift */,
				C2D924662804B6E700CF1AF0 /* HeroesUseCase.swift */,
				C2D924712804B90D00CF1AF0 /* HeroUseCase.swift */,
				C2D924C62804DAF200CF1AF0 /* PopularHeroesUseCase.swift */,
			);
			path = UseCases;
			sourceTree = "<group>";
		};
		C27BAC7A27E3C9980068DEB9 /* Core */ = {
			isa = PBXGroup;
			children = (
				C27BAC7B27E3CA200068DEB9 /* UseCaseResult.swift */,
				C27BAC7D27E3CA390068DEB9 /* BaseUseCase.swift */,
			);
			path = Core;
			sourceTree = "<group>";
		};
		C27BAC8327E3CAF00068DEB9 /* Main */ = {
			isa = PBXGroup;
			children = (
				C2D924732804C2F200CF1AF0 /* MainFooterView.swift */,
				C2D924772804C2F200CF1AF0 /* MainFooterView.xib */,
				C2D924762804C2F200CF1AF0 /* MainHeaderView.swift */,
				C2D924752804C2F200CF1AF0 /* MainHeaderView.xib */,
				C2D9247A2804C2F200CF1AF0 /* MainHiddenView.swift */,
				C2D924782804C2F200CF1AF0 /* MainHiddenView.xib */,
				C2D9247B2804C2F200CF1AF0 /* MainViewController.swift */,
				C2D924742804C2F200CF1AF0 /* MainViewController.xib */,
				C2D924792804C2F200CF1AF0 /* MainPresenter.swift */,
			);
			path = Main;
			sourceTree = "<group>";
		};
		C27BAC8427E3CAFC0068DEB9 /* Detail */ = {
			isa = PBXGroup;
			children = (
				C2D924862804C32C00CF1AF0 /* DetailViewController.swift */,
				C2D924872804C32C00CF1AF0 /* DetailViewController.xib */,
				C2D924852804C32C00CF1AF0 /* DetailPresenter.swift */,
			);
			path = Detail;
			sourceTree = "<group>";
		};
		C27BAC8527E3CBAF0068DEB9 /* Core */ = {
			isa = PBXGroup;
			children = (
				C27BAC9427E3CE300068DEB9 /* mvp */,
				C27BAC8627E3CBC00068DEB9 /* ServiceLocator */,
			);
			path = Core;
			sourceTree = "<group>";
		};
		C27BAC8627E3CBC00068DEB9 /* ServiceLocator */ = {
			isa = PBXGroup;
			children = (
				C27BAC8727E3CBC00068DEB9 /* ServiceLocator.swift */,
			);
			path = ServiceLocator;
			sourceTree = "<group>";
		};
		C27BAC8B27E3CD080068DEB9 /* Common */ = {
			isa = PBXGroup;
			children = (
				C27BAC8C27E3CD330068DEB9 /* MainServiceLocator.swift */,
				C2D924A82804C70C00CF1AF0 /* RouterController.swift */,
				C27BACA427E3D8E90068DEB9 /* Components */,
				C27BACA327E3D8D30068DEB9 /* ViewData */,
			);
			path = Common;
			sourceTree = "<group>";
		};
		C27BAC9427E3CE300068DEB9 /* mvp */ = {
			isa = PBXGroup;
			children = (
				C27BAC9527E3CE500068DEB9 /* Presenter.swift */,
				C27BAC9727E3CE6C0068DEB9 /* BasePresenter.swift */,
				C27BAC9927E3CE920068DEB9 /* BasePresenterView.swift */,
				C27BAC9B27E3CED20068DEB9 /* BaseViewController.swift */,
			);
			path = mvp;
			sourceTree = "<group>";
		};
		C27BACA327E3D8D30068DEB9 /* ViewData */ = {
			isa = PBXGroup;
			children = (
				C2D9249C2804C65B00CF1AF0 /* AvatarViewData.swift */,
				C2D9249E2804C67E00CF1AF0 /* HeroViewData.swift */,
				C2D924A02804C69F00CF1AF0 /* ComicViewData.swift */,
				C2D924A22804C6B400CF1AF0 /* HeroDetailViewData.swift */,
				C2D924A42804C6D600CF1AF0 /* SerieViewData.swift */,
				C2D924A62804C6E700CF1AF0 /* StoryViewData.swift */,
			);
			path = ViewData;
			sourceTree = "<group>";
		};
		C27BACA427E3D8E90068DEB9 /* Components */ = {
			isa = PBXGroup;
			children = (
				C2D924C12804D78800CF1AF0 /* PopularCell */,
				C2D924B52804C77600CF1AF0 /* ComicMask */,
				C2D924AA2804C77600CF1AF0 /* CoverCell */,
				C2D924B32804C77600CF1AF0 /* Gradient */,
				C2D924AD2804C77600CF1AF0 /* HeroCell */,
				C2D924B02804C77600CF1AF0 /* StoryCell */,
			);
			path = Components;
			sourceTree = "<group>";
		};
		C2D924272804B19D00CF1AF0 /* ApiMarvel */ = {
			isa = PBXGroup;
			children = (
				C2D924282804B1A900CF1AF0 /* RequestObjects */,
				C2D924292804B1BD00CF1AF0 /* ResponseObjects */,
				C2D9244C2804B37D00CF1AF0 /* ApiMarvel.swift */,
				C2D9244E2804B39E00CF1AF0 /* ApiMarvelEndpoints.swift */,
				C2D924502804B3BD00CF1AF0 /* ApiMarvelError.swift */,
				C2D924522804B3D300CF1AF0 /* ApiMarvel_Characters.swift */,
				C2D924542804B3F100CF1AF0 /* ApiMarvel_Character.swift */,
				C2D924562804B40D00CF1AF0 /* ApiMarvel_Comics.swift */,
				C2D924582804B42000CF1AF0 /* ApiMarvel_Series.swift */,
				C2D9245A2804B43600CF1AF0 /* ApiMarvel_Stories.swift */,
			);
			path = ApiMarvel;
			sourceTree = "<group>";
		};
		C2D924282804B1A900CF1AF0 /* RequestObjects */ = {
			isa = PBXGroup;
			children = (
				C2D9242A2804B1E300CF1AF0 /* PaginationRequest.swift */,
				C2D9242C2804B1F700CF1AF0 /* CharacterRequest.swift */,
				C2D9242E2804B20B00CF1AF0 /* ComicRequest.swift */,
			);
			path = RequestObjects;
			sourceTree = "<group>";
		};
		C2D924292804B1BD00CF1AF0 /* ResponseObjects */ = {
			isa = PBXGroup;
			children = (
				C2D924302804B25000CF1AF0 /* CharacterDataWrapperResponse.swift */,
				C2D924322804B27900CF1AF0 /* CharacterDataContainerResponse.swift */,
				C2D924342804B29200CF1AF0 /* CharacterResponse.swift */,
				C2D924362804B2A300CF1AF0 /* ThumbnailResponse.swift */,
				C2D924382804B2BA00CF1AF0 /* CharacterURLResponse.swift */,
				C2D9243A2804B2D000CF1AF0 /* ComicDataWrapperResponse.swift */,
				C2D9243C2804B2E400CF1AF0 /* ComicDataContainerResponse.swift */,
				C2D9243E2804B2F400CF1AF0 /* ComicResponse.swift */,
				C2D924402804B30500CF1AF0 /* SerieDataWrapperResponse.swift */,
				C2D924422804B31600CF1AF0 /* SerieDataContainerResponse.swift */,
				C2D924442804B32700CF1AF0 /* SerieResponse.swift */,
				C2D924462804B33900CF1AF0 /* StoryDataWrapperResponse.swift */,
				C2D924482804B34900CF1AF0 /* StoryDataContainerResponse.swift */,
				C2D9244A2804B35A00CF1AF0 /* StoryResponse.swift */,
			);
			path = ResponseObjects;
			sourceTree = "<group>";
		};
		C2D924682804B74900CF1AF0 /* Extensions */ = {
			isa = PBXGroup;
			children = (
				C2D924692804B7A500CF1AF0 /* Hero_convenience.swift */,
				C2D9246B2804B7C000CF1AF0 /* Comic_convenience.swift */,
				C2D9246D2804B7D800CF1AF0 /* Serie_convenience.swift */,
				C2D9246F2804B7F100CF1AF0 /* Story_convenience.swift */,
			);
			path = Extensions;
			sourceTree = "<group>";
		};
		C2D9248B2804C34500CF1AF0 /* Extensions */ = {
			isa = PBXGroup;
			children = (
				C2D9248F2804C39B00CF1AF0 /* UIImageView */,
				C2D9248C2804C36600CF1AF0 /* UIView */,
			);
			path = Extensions;
			sourceTree = "<group>";
		};
		C2D9248C2804C36600CF1AF0 /* UIView */ = {
			isa = PBXGroup;
			children = (
				C2D9248D2804C38500CF1AF0 /* UIView_xibFiles.swift */,
			);
			path = UIView;
			sourceTree = "<group>";
		};
		C2D9248F2804C39B00CF1AF0 /* UIImageView */ = {
			isa = PBXGroup;
			children = (
				C2D924902804C3AD00CF1AF0 /* UIImageView_RemoteImage.swift */,
			);
			path = UIImageView;
			sourceTree = "<group>";
		};
		C2D924962804C60400CF1AF0 /* fonts */ = {
			isa = PBXGroup;
			children = (
				C2D924972804C60400CF1AF0 /* Road_Rage */,
			);
			path = fonts;
			sourceTree = "<group>";
		};
		C2D924972804C60400CF1AF0 /* Road_Rage */ = {
			isa = PBXGroup;
			children = (
				C2D924982804C60400CF1AF0 /* Road_Rage.otf */,
				C2D924992804C60400CF1AF0 /* READ ME.txt */,
			);
			path = Road_Rage;
			sourceTree = "<group>";
		};
		C2D924AA2804C77600CF1AF0 /* CoverCell */ = {
			isa = PBXGroup;
			children = (
				C2D924AB2804C77600CF1AF0 /* CoverCell.swift */,
				C2D924AC2804C77600CF1AF0 /* CoverCell.xib */,
			);
			path = CoverCell;
			sourceTree = "<group>";
		};
		C2D924AD2804C77600CF1AF0 /* HeroCell */ = {
			isa = PBXGroup;
			children = (
				C2D924AE2804C77600CF1AF0 /* HeroCell.xib */,
				C2D924AF2804C77600CF1AF0 /* HeroCell.swift */,
			);
			path = HeroCell;
			sourceTree = "<group>";
		};
		C2D924B02804C77600CF1AF0 /* StoryCell */ = {
			isa = PBXGroup;
			children = (
				C2D924B12804C77600CF1AF0 /* StoryCell.xib */,
				C2D924B22804C77600CF1AF0 /* StoryCell.swift */,
			);
			path = StoryCell;
			sourceTree = "<group>";
		};
		C2D924B32804C77600CF1AF0 /* Gradient */ = {
			isa = PBXGroup;
			children = (
				C2D924B42804C77600CF1AF0 /* GradientView.swift */,
			);
			path = Gradient;
			sourceTree = "<group>";
		};
		C2D924B52804C77600CF1AF0 /* ComicMask */ = {
			isa = PBXGroup;
			children = (
				C2D924B62804C77600CF1AF0 /* ComicMaskView.swift */,
				C2D924B72804C77600CF1AF0 /* ComicMaskType.swift */,
			);
			path = ComicMask;
			sourceTree = "<group>";
		};
		C2D924C12804D78800CF1AF0 /* PopularCell */ = {
			isa = PBXGroup;
			children = (
				C2D924C22804D7B500CF1AF0 /* PopularCell.swift */,
				C2D924C32804D7B500CF1AF0 /* PopularCell.xib */,
			);
			path = PopularCell;
			sourceTree = "<group>";
		};
		C2D924CD2804EA4300CF1AF0 /* FastTests */ = {
			isa = PBXGroup;
			children = (
				C2D924E72805962400CF1AF0 /* MockNetworking */,
				C2D924D02804EA7900CF1AF0 /* Models */,
				C2D924CF2804EA6800CF1AF0 /* ViewData */,
			);
			path = FastTests;
			sourceTree = "<group>";
		};
		C2D924CE2804EA4D00CF1AF0 /* SlowTests */ = {
			isa = PBXGroup;
			children = (
			);
			path = SlowTests;
			sourceTree = "<group>";
		};
		C2D924CF2804EA6800CF1AF0 /* ViewData */ = {
			isa = PBXGroup;
			children = (
				C2D924D12804EAB300CF1AF0 /* HeroViewDataTest.swift */,
				C2D924D32804EB2200CF1AF0 /* ComicViewDataTest.swift */,
				C2D924D52804EB9700CF1AF0 /* SerieViewDataTest.swift */,
				C2D924D72804EBCC00CF1AF0 /* StoryViewDataTest.swift */,
				C2D924D92804EC1300CF1AF0 /* HeroDetailViewDataTest.swift */,
			);
			path = ViewData;
			sourceTree = "<group>";
		};
		C2D924D02804EA7900CF1AF0 /* Models */ = {
			isa = PBXGroup;
			children = (
				C2D924DB2804EC6C00CF1AF0 /* HeroTest.swift */,
				C2D924DD2804EC9600CF1AF0 /* ComicTest.swift */,
				C2D924DF2804ECB800CF1AF0 /* SerieTest.swift */,
				C2D924E12804ECCE00CF1AF0 /* StoryTest.swift */,
			);
			path = Models;
			sourceTree = "<group>";
		};
		C2D924E72805962400CF1AF0 /* MockNetworking */ = {
			isa = PBXGroup;
			children = (
				C2D924EC2805B0DE00CF1AF0 /* ApiMarvelCharactersTest.swift */,
				C2D924F02805D23800CF1AF0 /* ApiMarvelCharacterTest.swift */,
				C2D924F22805D8C700CF1AF0 /* ApiMarvelComicsTest.swift */,
				C2D924F42805E40600CF1AF0 /* ApiMarvelSeriesTest.swift */,
				C2D924F62805E59000CF1AF0 /* ApiMarvelStoriesTest.swift */,
			);
			path = MockNetworking;
			sourceTree = "<group>";
		};
		C9B14D08A2C1863BA3C4B1BC /* Pods */ = {
			isa = PBXGroup;
			children = (
				0853C656108E1DD632651B90 /* Pods-Marvel.debug.xcconfig */,
				73E836C8F7AAB0325D468764 /* Pods-Marvel.release.xcconfig */,
				5EC34A50B24A67B36F379912 /* Pods-Marvel-MarvelUITests.debug.xcconfig */,
				ACAD733BCB4155247C1315F2 /* Pods-Marvel-MarvelUITests.release.xcconfig */,
				2E17B1A7FA082913A86F3DCA /* Pods-MarvelTests.debug.xcconfig */,
				A3FE70C9C5B73AEFF2A4BBBF /* Pods-MarvelTests.release.xcconfig */,
			);
			path = Pods;
			sourceTree = "<group>";
		};
/* End PBXGroup section */

/* Begin PBXNativeTarget section */
		C27BAC3527E3C7CB0068DEB9 /* Marvel */ = {
			isa = PBXNativeTarget;
			buildConfigurationList = C27BAC6327E3C7CE0068DEB9 /* Build configuration list for PBXNativeTarget "Marvel" */;
			buildPhases = (
				AD48857F42F7BD8E204367A2 /* [CP] Check Pods Manifest.lock */,
				C27BAC3227E3C7CB0068DEB9 /* Sources */,
				C27BAC3327E3C7CB0068DEB9 /* Frameworks */,
				C27BAC3427E3C7CB0068DEB9 /* Resources */,
				8989AEE40800E217466DE7B7 /* [CP] Embed Pods Frameworks */,
			);
			buildRules = (
			);
			dependencies = (
			);
			name = Marvel;
			productName = MVPFramework;
			productReference = C27BAC3627E3C7CB0068DEB9 /* Marvel.app */;
			productType = "com.apple.product-type.application";
		};
		C27BAC4E27E3C7CE0068DEB9 /* MarvelTests */ = {
			isa = PBXNativeTarget;
			buildConfigurationList = C27BAC6627E3C7CE0068DEB9 /* Build configuration list for PBXNativeTarget "MarvelTests" */;
			buildPhases = (
				5671B9D9F24A3AC869EFAD33 /* [CP] Check Pods Manifest.lock */,
				C27BAC4B27E3C7CE0068DEB9 /* Sources */,
				C27BAC4C27E3C7CE0068DEB9 /* Frameworks */,
				C27BAC4D27E3C7CE0068DEB9 /* Resources */,
			);
			buildRules = (
			);
			dependencies = (
				C27BAC5127E3C7CE0068DEB9 /* PBXTargetDependency */,
			);
			name = MarvelTests;
			productName = MVPFrameworkTests;
			productReference = C27BAC4F27E3C7CE0068DEB9 /* MarvelTests.xctest */;
			productType = "com.apple.product-type.bundle.unit-test";
		};
		C27BAC5827E3C7CE0068DEB9 /* MarvelUITests */ = {
			isa = PBXNativeTarget;
			buildConfigurationList = C27BAC6927E3C7CE0068DEB9 /* Build configuration list for PBXNativeTarget "MarvelUITests" */;
			buildPhases = (
				00BAF2DB346D8E8A031655CD /* [CP] Check Pods Manifest.lock */,
				C27BAC5527E3C7CE0068DEB9 /* Sources */,
				C27BAC5627E3C7CE0068DEB9 /* Frameworks */,
				C27BAC5727E3C7CE0068DEB9 /* Resources */,
				675DC77301A1F8F6A02B1A35 /* [CP] Embed Pods Frameworks */,
			);
			buildRules = (
			);
			dependencies = (
				C27BAC5B27E3C7CE0068DEB9 /* PBXTargetDependency */,
			);
			name = MarvelUITests;
			productName = MVPFrameworkUITests;
			productReference = C27BAC5927E3C7CE0068DEB9 /* MarvelUITests.xctest */;
			productType = "com.apple.product-type.bundle.ui-testing";
		};
/* End PBXNativeTarget section */

/* Begin PBXProject section */
		C27BAC2E27E3C7CB0068DEB9 /* Project object */ = {
			isa = PBXProject;
			attributes = {
				BuildIndependentTargetsInParallel = 1;
				LastSwiftUpdateCheck = 1320;
				LastUpgradeCheck = 1320;
				TargetAttributes = {
					C27BAC3527E3C7CB0068DEB9 = {
						CreatedOnToolsVersion = 13.2.1;
					};
					C27BAC4E27E3C7CE0068DEB9 = {
						CreatedOnToolsVersion = 13.2.1;
						LastSwiftMigration = 1320;
						TestTargetID = C27BAC3527E3C7CB0068DEB9;
					};
					C27BAC5827E3C7CE0068DEB9 = {
						CreatedOnToolsVersion = 13.2.1;
						TestTargetID = C27BAC3527E3C7CB0068DEB9;
					};
				};
			};
			buildConfigurationList = C27BAC3127E3C7CB0068DEB9 /* Build configuration list for PBXProject "Marvel" */;
			compatibilityVersion = "Xcode 13.0";
			developmentRegion = en;
			hasScannedForEncodings = 0;
			knownRegions = (
				en,
				Base,
			);
			mainGroup = C27BAC2D27E3C7CB0068DEB9;
			productRefGroup = C27BAC3727E3C7CB0068DEB9 /* Products */;
			projectDirPath = "";
			projectRoot = "";
			targets = (
				C27BAC3527E3C7CB0068DEB9 /* Marvel */,
				C27BAC4E27E3C7CE0068DEB9 /* MarvelTests */,
				C27BAC5827E3C7CE0068DEB9 /* MarvelUITests */,
			);
		};
/* End PBXProject section */

/* Begin PBXResourcesBuildPhase section */
		C27BAC3427E3C7CB0068DEB9 /* Resources */ = {
			isa = PBXResourcesBuildPhase;
			buildActionMask = 2147483647;
			files = (
				C27BAC4927E3C7CE0068DEB9 /* LaunchScreen.storyboard in Resources */,
				C2D924B92804C77600CF1AF0 /* CoverCell.xib in Resources */,
				C2D9249B2804C60400CF1AF0 /* READ ME.txt in Resources */,
				C27BAC4627E3C7CE0068DEB9 /* Assets.xcassets in Resources */,
				C2D9248A2804C32C00CF1AF0 /* DetailViewController.xib in Resources */,
				C2D9247D2804C2F200CF1AF0 /* MainViewController.xib in Resources */,
				C2D924802804C2F200CF1AF0 /* MainFooterView.xib in Resources */,
				C2D924BA2804C77600CF1AF0 /* HeroCell.xib in Resources */,
				C2D924BC2804C77600CF1AF0 /* StoryCell.xib in Resources */,
				C2D924C52804D7B500CF1AF0 /* PopularCell.xib in Resources */,
				C2D924952804C49700CF1AF0 /* Colors.xcassets in Resources */,
				C2D9249A2804C60400CF1AF0 /* Road_Rage.otf in Resources */,
				C2D9247E2804C2F200CF1AF0 /* MainHeaderView.xib in Resources */,
				C2D924812804C2F200CF1AF0 /* MainHiddenView.xib in Resources */,
			);
			runOnlyForDeploymentPostprocessing = 0;
		};
		C27BAC4D27E3C7CE0068DEB9 /* Resources */ = {
			isa = PBXResourcesBuildPhase;
			buildActionMask = 2147483647;
			files = (
			);
			runOnlyForDeploymentPostprocessing = 0;
		};
		C27BAC5727E3C7CE0068DEB9 /* Resources */ = {
			isa = PBXResourcesBuildPhase;
			buildActionMask = 2147483647;
			files = (
			);
			runOnlyForDeploymentPostprocessing = 0;
		};
/* End PBXResourcesBuildPhase section */

/* Begin PBXShellScriptBuildPhase section */
		00BAF2DB346D8E8A031655CD /* [CP] Check Pods Manifest.lock */ = {
			isa = PBXShellScriptBuildPhase;
			buildActionMask = 2147483647;
			files = (
			);
			inputFileListPaths = (
			);
			inputPaths = (
				"${PODS_PODFILE_DIR_PATH}/Podfile.lock",
				"${PODS_ROOT}/Manifest.lock",
			);
			name = "[CP] Check Pods Manifest.lock";
			outputFileListPaths = (
			);
			outputPaths = (
				"$(DERIVED_FILE_DIR)/Pods-Marvel-MarvelUITests-checkManifestLockResult.txt",
			);
			runOnlyForDeploymentPostprocessing = 0;
			shellPath = /bin/sh;
			shellScript = "diff \"${PODS_PODFILE_DIR_PATH}/Podfile.lock\" \"${PODS_ROOT}/Manifest.lock\" > /dev/null\nif [ $? != 0 ] ; then\n    # print error to STDERR\n    echo \"error: The sandbox is not in sync with the Podfile.lock. Run 'pod install' or update your CocoaPods installation.\" >&2\n    exit 1\nfi\n# This output is used by Xcode 'outputs' to avoid re-running this script phase.\necho \"SUCCESS\" > \"${SCRIPT_OUTPUT_FILE_0}\"\n";
			showEnvVarsInLog = 0;
		};
		5671B9D9F24A3AC869EFAD33 /* [CP] Check Pods Manifest.lock */ = {
			isa = PBXShellScriptBuildPhase;
			buildActionMask = 2147483647;
			files = (
			);
			inputFileListPaths = (
			);
			inputPaths = (
				"${PODS_PODFILE_DIR_PATH}/Podfile.lock",
				"${PODS_ROOT}/Manifest.lock",
			);
			name = "[CP] Check Pods Manifest.lock";
			outputFileListPaths = (
			);
			outputPaths = (
				"$(DERIVED_FILE_DIR)/Pods-MarvelTests-checkManifestLockResult.txt",
			);
			runOnlyForDeploymentPostprocessing = 0;
			shellPath = /bin/sh;
			shellScript = "diff \"${PODS_PODFILE_DIR_PATH}/Podfile.lock\" \"${PODS_ROOT}/Manifest.lock\" > /dev/null\nif [ $? != 0 ] ; then\n    # print error to STDERR\n    echo \"error: The sandbox is not in sync with the Podfile.lock. Run 'pod install' or update your CocoaPods installation.\" >&2\n    exit 1\nfi\n# This output is used by Xcode 'outputs' to avoid re-running this script phase.\necho \"SUCCESS\" > \"${SCRIPT_OUTPUT_FILE_0}\"\n";
			showEnvVarsInLog = 0;
		};
		675DC77301A1F8F6A02B1A35 /* [CP] Embed Pods Frameworks */ = {
			isa = PBXShellScriptBuildPhase;
			buildActionMask = 2147483647;
			files = (
			);
			inputFileListPaths = (
				"${PODS_ROOT}/Target Support Files/Pods-Marvel-MarvelUITests/Pods-Marvel-MarvelUITests-frameworks-${CONFIGURATION}-input-files.xcfilelist",
			);
			name = "[CP] Embed Pods Frameworks";
			outputFileListPaths = (
				"${PODS_ROOT}/Target Support Files/Pods-Marvel-MarvelUITests/Pods-Marvel-MarvelUITests-frameworks-${CONFIGURATION}-output-files.xcfilelist",
			);
			runOnlyForDeploymentPostprocessing = 0;
			shellPath = /bin/sh;
			shellScript = "\"${PODS_ROOT}/Target Support Files/Pods-Marvel-MarvelUITests/Pods-Marvel-MarvelUITests-frameworks.sh\"\n";
			showEnvVarsInLog = 0;
		};
		8989AEE40800E217466DE7B7 /* [CP] Embed Pods Frameworks */ = {
			isa = PBXShellScriptBuildPhase;
			buildActionMask = 2147483647;
			files = (
			);
			inputFileListPaths = (
				"${PODS_ROOT}/Target Support Files/Pods-Marvel/Pods-Marvel-frameworks-${CONFIGURATION}-input-files.xcfilelist",
			);
			name = "[CP] Embed Pods Frameworks";
			outputFileListPaths = (
				"${PODS_ROOT}/Target Support Files/Pods-Marvel/Pods-Marvel-frameworks-${CONFIGURATION}-output-files.xcfilelist",
			);
			runOnlyForDeploymentPostprocessing = 0;
			shellPath = /bin/sh;
			shellScript = "\"${PODS_ROOT}/Target Support Files/Pods-Marvel/Pods-Marvel-frameworks.sh\"\n";
			showEnvVarsInLog = 0;
		};
		AD48857F42F7BD8E204367A2 /* [CP] Check Pods Manifest.lock */ = {
			isa = PBXShellScriptBuildPhase;
			buildActionMask = 2147483647;
			files = (
			);
			inputFileListPaths = (
			);
			inputPaths = (
				"${PODS_PODFILE_DIR_PATH}/Podfile.lock",
				"${PODS_ROOT}/Manifest.lock",
			);
			name = "[CP] Check Pods Manifest.lock";
			outputFileListPaths = (
			);
			outputPaths = (
				"$(DERIVED_FILE_DIR)/Pods-Marvel-checkManifestLockResult.txt",
			);
			runOnlyForDeploymentPostprocessing = 0;
			shellPath = /bin/sh;
			shellScript = "diff \"${PODS_PODFILE_DIR_PATH}/Podfile.lock\" \"${PODS_ROOT}/Manifest.lock\" > /dev/null\nif [ $? != 0 ] ; then\n    # print error to STDERR\n    echo \"error: The sandbox is not in sync with the Podfile.lock. Run 'pod install' or update your CocoaPods installation.\" >&2\n    exit 1\nfi\n# This output is used by Xcode 'outputs' to avoid re-running this script phase.\necho \"SUCCESS\" > \"${SCRIPT_OUTPUT_FILE_0}\"\n";
			showEnvVarsInLog = 0;
		};
/* End PBXShellScriptBuildPhase section */

/* Begin PBXSourcesBuildPhase section */
		C27BAC3227E3C7CB0068DEB9 /* Sources */ = {
			isa = PBXSourcesBuildPhase;
			buildActionMask = 2147483647;
			files = (
				C27BAC8927E3CBC00068DEB9 /* ServiceLocator.swift in Sources */,
				C2D924932804C46D00CF1AF0 /* ColorsUI.swift in Sources */,
				C27BAC9827E3CE6C0068DEB9 /* BasePresenter.swift in Sources */,
				C2D9243B2804B2D000CF1AF0 /* ComicDataWrapperResponse.swift in Sources */,
				C2D924EF2805BAF800CF1AF0 /* MockHttpClient.swift in Sources */,
				C27BAC3A27E3C7CB0068DEB9 /* AppDelegate.swift in Sources */,
				C2D9247F2804C2F200CF1AF0 /* MainHeaderView.swift in Sources */,
				C2D924652804B6D900CF1AF0 /* SuperHeroDomain.swift in Sources */,
				C2D924A52804C6D600CF1AF0 /* SerieViewData.swift in Sources */,
				C2D924472804B33900CF1AF0 /* StoryDataWrapperResponse.swift in Sources */,
				C2D9242F2804B20B00CF1AF0 /* ComicRequest.swift in Sources */,
				C2D9244B2804B35A00CF1AF0 /* StoryResponse.swift in Sources */,
				C27BAC7E27E3CA390068DEB9 /* BaseUseCase.swift in Sources */,
				C2D924512804B3BD00CF1AF0 /* ApiMarvelError.swift in Sources */,
				C27BAC8D27E3CD330068DEB9 /* MainServiceLocator.swift in Sources */,
				C2D924572804B40D00CF1AF0 /* ApiMarvel_Comics.swift in Sources */,
				C2D924452804B32700CF1AF0 /* SerieResponse.swift in Sources */,
				C2D924612804B68C00CF1AF0 /* Serie.swift in Sources */,
				C2D924432804B31600CF1AF0 /* SerieDataContainerResponse.swift in Sources */,
				C2D924BB2804C77600CF1AF0 /* HeroCell.swift in Sources */,
				C2D924392804B2BA00CF1AF0 /* CharacterURLResponse.swift in Sources */,
				C2D924C02804C77600CF1AF0 /* ComicMaskType.swift in Sources */,
				C2D9242D2804B1F700CF1AF0 /* CharacterRequest.swift in Sources */,
				C2D9248E2804C38500CF1AF0 /* UIView_xibFiles.swift in Sources */,
				C2D924C42804D7B500CF1AF0 /* PopularCell.swift in Sources */,
				C2D9246C2804B7C000CF1AF0 /* Comic_convenience.swift in Sources */,
				C2D924882804C32C00CF1AF0 /* DetailPresenter.swift in Sources */,
				C2D9245B2804B43600CF1AF0 /* ApiMarvel_Stories.swift in Sources */,
				C2D9247C2804C2F200CF1AF0 /* MainFooterView.swift in Sources */,
				C2D9242B2804B1E300CF1AF0 /* PaginationRequest.swift in Sources */,
				C2D9244F2804B39E00CF1AF0 /* ApiMarvelEndpoints.swift in Sources */,
				C2D924842804C2F200CF1AF0 /* MainViewController.swift in Sources */,
				C2D924352804B29200CF1AF0 /* CharacterResponse.swift in Sources */,
				C2D924552804B3F100CF1AF0 /* ApiMarvel_Character.swift in Sources */,
				C2D9244D2804B37D00CF1AF0 /* ApiMarvel.swift in Sources */,
				C2D924592804B42000CF1AF0 /* ApiMarvel_Series.swift in Sources */,
				C2D9246A2804B7A500CF1AF0 /* Hero_convenience.swift in Sources */,
				C2D924B82804C77600CF1AF0 /* CoverCell.swift in Sources */,
				C2D924312804B25000CF1AF0 /* CharacterDataWrapperResponse.swift in Sources */,
				C2D924A32804C6B400CF1AF0 /* HeroDetailViewData.swift in Sources */,
				C2D924A12804C69F00CF1AF0 /* ComicViewData.swift in Sources */,
				C2D924822804C2F200CF1AF0 /* MainPresenter.swift in Sources */,
				C2D9246E2804B7D800CF1AF0 /* Serie_convenience.swift in Sources */,
				C2D924A92804C70C00CF1AF0 /* RouterController.swift in Sources */,
				C2D924632804B69C00CF1AF0 /* Story.swift in Sources */,
				C2D9243F2804B2F400CF1AF0 /* ComicResponse.swift in Sources */,
				C27BAC3C27E3C7CB0068DEB9 /* SceneDelegate.swift in Sources */,
				C2D924EB280598E700CF1AF0 /* HttpClient.swift in Sources */,
				C2D924832804C2F200CF1AF0 /* MainHiddenView.swift in Sources */,
				C2D924A72804C6E700CF1AF0 /* StoryViewData.swift in Sources */,
				C27BAC9627E3CE500068DEB9 /* Presenter.swift in Sources */,
				C2D9243D2804B2E400CF1AF0 /* ComicDataContainerResponse.swift in Sources */,
				C2D924702804B7F100CF1AF0 /* Story_convenience.swift in Sources */,
				C2D9249F2804C67E00CF1AF0 /* HeroViewData.swift in Sources */,
				C2D924C72804DAF200CF1AF0 /* PopularHeroesUseCase.swift in Sources */,
				C2D924202804AE9B00CF1AF0 /* Marvel.xcdatamodeld in Sources */,
				C2D924BE2804C77600CF1AF0 /* GradientView.swift in Sources */,
				C2D924262804B0AF00CF1AF0 /* APIResponseValidator.swift in Sources */,
				C2D924532804B3D300CF1AF0 /* ApiMarvel_Characters.swift in Sources */,
				C27BAC9C27E3CED20068DEB9 /* BaseViewController.swift in Sources */,
				C27BAC7C27E3CA210068DEB9 /* UseCaseResult.swift in Sources */,
				C2D924912804C3AD00CF1AF0 /* UIImageView_RemoteImage.swift in Sources */,
				C2D924492804B34900CF1AF0 /* StoryDataContainerResponse.swift in Sources */,
				C2D9245F2804B67C00CF1AF0 /* Comic.swift in Sources */,
				C27BAC9A27E3CE920068DEB9 /* BasePresenterView.swift in Sources */,
				C2D924BD2804C77600CF1AF0 /* StoryCell.swift in Sources */,
				C2D924892804C32C00CF1AF0 /* DetailViewController.swift in Sources */,
				C2D924672804B6E700CF1AF0 /* HeroesUseCase.swift in Sources */,
				C2D924332804B27900CF1AF0 /* CharacterDataContainerResponse.swift in Sources */,
				C2D924BF2804C77600CF1AF0 /* ComicMaskView.swift in Sources */,
				C2D924412804B30500CF1AF0 /* SerieDataWrapperResponse.swift in Sources */,
				C2D9249D2804C65B00CF1AF0 /* AvatarViewData.swift in Sources */,
				C2D924242804B09C00CF1AF0 /* APILogger.swift in Sources */,
				C2D924722804B90D00CF1AF0 /* HeroUseCase.swift in Sources */,
				C2D924372804B2A300CF1AF0 /* ThumbnailResponse.swift in Sources */,
				C2D9245D2804B66500CF1AF0 /* Hero.swift in Sources */,
			);
			runOnlyForDeploymentPostprocessing = 0;
		};
		C27BAC4B27E3C7CE0068DEB9 /* Sources */ = {
			isa = PBXSourcesBuildPhase;
			buildActionMask = 2147483647;
			files = (
				C2D924F12805D23800CF1AF0 /* ApiMarvelCharacterTest.swift in Sources */,
				C2D924D82804EBCC00CF1AF0 /* StoryViewDataTest.swift in Sources */,
				C2D924E22804ECCE00CF1AF0 /* StoryTest.swift in Sources */,
				C2D924F32805D8C700CF1AF0 /* ApiMarvelComicsTest.swift in Sources */,
				C2D924D62804EB9700CF1AF0 /* SerieViewDataTest.swift in Sources */,
				C2D924ED2805B0DE00CF1AF0 /* ApiMarvelCharactersTest.swift in Sources */,
				C2D924E02804ECB800CF1AF0 /* SerieTest.swift in Sources */,
				C2D924D42804EB2200CF1AF0 /* ComicViewDataTest.swift in Sources */,
				C2D924DC2804EC6C00CF1AF0 /* HeroTest.swift in Sources */,
				C2D924F52805E40600CF1AF0 /* ApiMarvelSeriesTest.swift in Sources */,
				C2D924D22804EAB300CF1AF0 /* HeroViewDataTest.swift in Sources */,
				C2D924DE2804EC9600CF1AF0 /* ComicTest.swift in Sources */,
				C2D924DA2804EC1300CF1AF0 /* HeroDetailViewDataTest.swift in Sources */,
				C2D924F72805E59000CF1AF0 /* ApiMarvelStoriesTest.swift in Sources */,
			);
			runOnlyForDeploymentPostprocessing = 0;
		};
		C27BAC5527E3C7CE0068DEB9 /* Sources */ = {
			isa = PBXSourcesBuildPhase;
			buildActionMask = 2147483647;
			files = (
				C27BAC5E27E3C7CE0068DEB9 /* MarvelUITests.swift in Sources */,
				C27BAC6027E3C7CE0068DEB9 /* MarvelUITestsLaunchTests.swift in Sources */,
			);
			runOnlyForDeploymentPostprocessing = 0;
		};
/* End PBXSourcesBuildPhase section */

/* Begin PBXTargetDependency section */
		C27BAC5127E3C7CE0068DEB9 /* PBXTargetDependency */ = {
			isa = PBXTargetDependency;
			target = C27BAC3527E3C7CB0068DEB9 /* Marvel */;
			targetProxy = C27BAC5027E3C7CE0068DEB9 /* PBXContainerItemProxy */;
		};
		C27BAC5B27E3C7CE0068DEB9 /* PBXTargetDependency */ = {
			isa = PBXTargetDependency;
			target = C27BAC3527E3C7CB0068DEB9 /* Marvel */;
			targetProxy = C27BAC5A27E3C7CE0068DEB9 /* PBXContainerItemProxy */;
		};
/* End PBXTargetDependency section */

/* Begin PBXVariantGroup section */
		C27BAC4727E3C7CE0068DEB9 /* LaunchScreen.storyboard */ = {
			isa = PBXVariantGroup;
			children = (
				C27BAC4827E3C7CE0068DEB9 /* Base */,
			);
			name = LaunchScreen.storyboard;
			sourceTree = "<group>";
		};
/* End PBXVariantGroup section */

/* Begin XCBuildConfiguration section */
		C27BAC6127E3C7CE0068DEB9 /* Debug */ = {
			isa = XCBuildConfiguration;
			buildSettings = {
				ALWAYS_SEARCH_USER_PATHS = NO;
				CLANG_ANALYZER_NONNULL = YES;
				CLANG_ANALYZER_NUMBER_OBJECT_CONVERSION = YES_AGGRESSIVE;
				CLANG_CXX_LANGUAGE_STANDARD = "gnu++17";
				CLANG_CXX_LIBRARY = "libc++";
				CLANG_ENABLE_MODULES = YES;
				CLANG_ENABLE_OBJC_ARC = YES;
				CLANG_ENABLE_OBJC_WEAK = YES;
				CLANG_WARN_BLOCK_CAPTURE_AUTORELEASING = YES;
				CLANG_WARN_BOOL_CONVERSION = YES;
				CLANG_WARN_COMMA = YES;
				CLANG_WARN_CONSTANT_CONVERSION = YES;
				CLANG_WARN_DEPRECATED_OBJC_IMPLEMENTATIONS = YES;
				CLANG_WARN_DIRECT_OBJC_ISA_USAGE = YES_ERROR;
				CLANG_WARN_DOCUMENTATION_COMMENTS = YES;
				CLANG_WARN_EMPTY_BODY = YES;
				CLANG_WARN_ENUM_CONVERSION = YES;
				CLANG_WARN_INFINITE_RECURSION = YES;
				CLANG_WARN_INT_CONVERSION = YES;
				CLANG_WARN_NON_LITERAL_NULL_CONVERSION = YES;
				CLANG_WARN_OBJC_IMPLICIT_RETAIN_SELF = YES;
				CLANG_WARN_OBJC_LITERAL_CONVERSION = YES;
				CLANG_WARN_OBJC_ROOT_CLASS = YES_ERROR;
				CLANG_WARN_QUOTED_INCLUDE_IN_FRAMEWORK_HEADER = YES;
				CLANG_WARN_RANGE_LOOP_ANALYSIS = YES;
				CLANG_WARN_STRICT_PROTOTYPES = YES;
				CLANG_WARN_SUSPICIOUS_MOVE = YES;
				CLANG_WARN_UNGUARDED_AVAILABILITY = YES_AGGRESSIVE;
				CLANG_WARN_UNREACHABLE_CODE = YES;
				CLANG_WARN__DUPLICATE_METHOD_MATCH = YES;
				COPY_PHASE_STRIP = NO;
				DEBUG_INFORMATION_FORMAT = dwarf;
				ENABLE_STRICT_OBJC_MSGSEND = YES;
				ENABLE_TESTABILITY = YES;
				GCC_C_LANGUAGE_STANDARD = gnu11;
				GCC_DYNAMIC_NO_PIC = NO;
				GCC_NO_COMMON_BLOCKS = YES;
				GCC_OPTIMIZATION_LEVEL = 0;
				GCC_PREPROCESSOR_DEFINITIONS = (
					"DEBUG=1",
					"$(inherited)",
				);
				GCC_WARN_64_TO_32_BIT_CONVERSION = YES;
				GCC_WARN_ABOUT_RETURN_TYPE = YES_ERROR;
				GCC_WARN_UNDECLARED_SELECTOR = YES;
				GCC_WARN_UNINITIALIZED_AUTOS = YES_AGGRESSIVE;
				GCC_WARN_UNUSED_FUNCTION = YES;
				GCC_WARN_UNUSED_VARIABLE = YES;
				IPHONEOS_DEPLOYMENT_TARGET = 15.0;
				MTL_ENABLE_DEBUG_INFO = INCLUDE_SOURCE;
				MTL_FAST_MATH = YES;
				ONLY_ACTIVE_ARCH = YES;
				SDKROOT = iphoneos;
				SWIFT_ACTIVE_COMPILATION_CONDITIONS = DEBUG;
				SWIFT_OPTIMIZATION_LEVEL = "-Onone";
			};
			name = Debug;
		};
		C27BAC6227E3C7CE0068DEB9 /* Release */ = {
			isa = XCBuildConfiguration;
			buildSettings = {
				ALWAYS_SEARCH_USER_PATHS = NO;
				CLANG_ANALYZER_NONNULL = YES;
				CLANG_ANALYZER_NUMBER_OBJECT_CONVERSION = YES_AGGRESSIVE;
				CLANG_CXX_LANGUAGE_STANDARD = "gnu++17";
				CLANG_CXX_LIBRARY = "libc++";
				CLANG_ENABLE_MODULES = YES;
				CLANG_ENABLE_OBJC_ARC = YES;
				CLANG_ENABLE_OBJC_WEAK = YES;
				CLANG_WARN_BLOCK_CAPTURE_AUTORELEASING = YES;
				CLANG_WARN_BOOL_CONVERSION = YES;
				CLANG_WARN_COMMA = YES;
				CLANG_WARN_CONSTANT_CONVERSION = YES;
				CLANG_WARN_DEPRECATED_OBJC_IMPLEMENTATIONS = YES;
				CLANG_WARN_DIRECT_OBJC_ISA_USAGE = YES_ERROR;
				CLANG_WARN_DOCUMENTATION_COMMENTS = YES;
				CLANG_WARN_EMPTY_BODY = YES;
				CLANG_WARN_ENUM_CONVERSION = YES;
				CLANG_WARN_INFINITE_RECURSION = YES;
				CLANG_WARN_INT_CONVERSION = YES;
				CLANG_WARN_NON_LITERAL_NULL_CONVERSION = YES;
				CLANG_WARN_OBJC_IMPLICIT_RETAIN_SELF = YES;
				CLANG_WARN_OBJC_LITERAL_CONVERSION = YES;
				CLANG_WARN_OBJC_ROOT_CLASS = YES_ERROR;
				CLANG_WARN_QUOTED_INCLUDE_IN_FRAMEWORK_HEADER = YES;
				CLANG_WARN_RANGE_LOOP_ANALYSIS = YES;
				CLANG_WARN_STRICT_PROTOTYPES = YES;
				CLANG_WARN_SUSPICIOUS_MOVE = YES;
				CLANG_WARN_UNGUARDED_AVAILABILITY = YES_AGGRESSIVE;
				CLANG_WARN_UNREACHABLE_CODE = YES;
				CLANG_WARN__DUPLICATE_METHOD_MATCH = YES;
				COPY_PHASE_STRIP = NO;
				DEBUG_INFORMATION_FORMAT = "dwarf-with-dsym";
				ENABLE_NS_ASSERTIONS = NO;
				ENABLE_STRICT_OBJC_MSGSEND = YES;
				GCC_C_LANGUAGE_STANDARD = gnu11;
				GCC_NO_COMMON_BLOCKS = YES;
				GCC_WARN_64_TO_32_BIT_CONVERSION = YES;
				GCC_WARN_ABOUT_RETURN_TYPE = YES_ERROR;
				GCC_WARN_UNDECLARED_SELECTOR = YES;
				GCC_WARN_UNINITIALIZED_AUTOS = YES_AGGRESSIVE;
				GCC_WARN_UNUSED_FUNCTION = YES;
				GCC_WARN_UNUSED_VARIABLE = YES;
				IPHONEOS_DEPLOYMENT_TARGET = 15.0;
				MTL_ENABLE_DEBUG_INFO = NO;
				MTL_FAST_MATH = YES;
				SDKROOT = iphoneos;
				SWIFT_COMPILATION_MODE = wholemodule;
				SWIFT_OPTIMIZATION_LEVEL = "-O";
				VALIDATE_PRODUCT = YES;
			};
			name = Release;
		};
		C27BAC6427E3C7CE0068DEB9 /* Debug */ = {
			isa = XCBuildConfiguration;
			baseConfigurationReference = 0853C656108E1DD632651B90 /* Pods-Marvel.debug.xcconfig */;
			buildSettings = {
				ASSETCATALOG_COMPILER_APPICON_NAME = AppIcon;
				ASSETCATALOG_COMPILER_GLOBAL_ACCENT_COLOR_NAME = AccentColor;
				CODE_SIGN_STYLE = Automatic;
				CURRENT_PROJECT_VERSION = 1;
				DEVELOPMENT_TEAM = DW35F92222;
				GENERATE_INFOPLIST_FILE = YES;
				INFOPLIST_FILE = Marvel/Info.plist;
				INFOPLIST_KEY_UIApplicationSupportsIndirectInputEvents = YES;
				INFOPLIST_KEY_UILaunchStoryboardName = LaunchScreen;
				INFOPLIST_KEY_UIMainStoryboardFile = "";
				INFOPLIST_KEY_UISupportedInterfaceOrientations = UIInterfaceOrientationPortrait;
				INFOPLIST_KEY_UISupportedInterfaceOrientations_iPad = "UIInterfaceOrientationPortrait UIInterfaceOrientationPortraitUpsideDown UIInterfaceOrientationLandscapeLeft UIInterfaceOrientationLandscapeRight";
				INFOPLIST_KEY_UISupportedInterfaceOrientations_iPhone = "UIInterfaceOrientationPortrait UIInterfaceOrientationLandscapeLeft UIInterfaceOrientationLandscapeRight";
				IPHONEOS_DEPLOYMENT_TARGET = 15.0;
				LD_RUNPATH_SEARCH_PATHS = (
					"$(inherited)",
					"@executable_path/Frameworks",
				);
				MARKETING_VERSION = 1.0;
				PRODUCT_BUNDLE_IDENTIFIER = com.antrax.Marvel;
				PRODUCT_NAME = "$(TARGET_NAME)";
				SWIFT_EMIT_LOC_STRINGS = YES;
				SWIFT_VERSION = 5.0;
				TARGETED_DEVICE_FAMILY = 1;
			};
			name = Debug;
		};
		C27BAC6527E3C7CE0068DEB9 /* Release */ = {
			isa = XCBuildConfiguration;
			baseConfigurationReference = 73E836C8F7AAB0325D468764 /* Pods-Marvel.release.xcconfig */;
			buildSettings = {
				ASSETCATALOG_COMPILER_APPICON_NAME = AppIcon;
				ASSETCATALOG_COMPILER_GLOBAL_ACCENT_COLOR_NAME = AccentColor;
				CODE_SIGN_STYLE = Automatic;
				CURRENT_PROJECT_VERSION = 1;
				DEVELOPMENT_TEAM = DW35F92222;
				GENERATE_INFOPLIST_FILE = YES;
				INFOPLIST_FILE = Marvel/Info.plist;
				INFOPLIST_KEY_UIApplicationSupportsIndirectInputEvents = YES;
				INFOPLIST_KEY_UILaunchStoryboardName = LaunchScreen;
				INFOPLIST_KEY_UIMainStoryboardFile = "";
				INFOPLIST_KEY_UISupportedInterfaceOrientations = UIInterfaceOrientationPortrait;
				INFOPLIST_KEY_UISupportedInterfaceOrientations_iPad = "UIInterfaceOrientationPortrait UIInterfaceOrientationPortraitUpsideDown UIInterfaceOrientationLandscapeLeft UIInterfaceOrientationLandscapeRight";
				INFOPLIST_KEY_UISupportedInterfaceOrientations_iPhone = "UIInterfaceOrientationPortrait UIInterfaceOrientationLandscapeLeft UIInterfaceOrientationLandscapeRight";
				IPHONEOS_DEPLOYMENT_TARGET = 15.0;
				LD_RUNPATH_SEARCH_PATHS = (
					"$(inherited)",
					"@executable_path/Frameworks",
				);
				MARKETING_VERSION = 1.0;
				PRODUCT_BUNDLE_IDENTIFIER = com.antrax.Marvel;
				PRODUCT_NAME = "$(TARGET_NAME)";
				SWIFT_EMIT_LOC_STRINGS = YES;
				SWIFT_VERSION = 5.0;
				TARGETED_DEVICE_FAMILY = 1;
			};
			name = Release;
		};
		C27BAC6727E3C7CE0068DEB9 /* Debug */ = {
			isa = XCBuildConfiguration;
			baseConfigurationReference = 2E17B1A7FA082913A86F3DCA /* Pods-MarvelTests.debug.xcconfig */;
			buildSettings = {
				ALWAYS_EMBED_SWIFT_STANDARD_LIBRARIES = YES;
				BUNDLE_LOADER = "$(TEST_HOST)";
				CLANG_ENABLE_MODULES = YES;
				CODE_SIGN_STYLE = Automatic;
				CURRENT_PROJECT_VERSION = 1;
				DEVELOPMENT_TEAM = DW35F92222;
				GENERATE_INFOPLIST_FILE = YES;
				IPHONEOS_DEPLOYMENT_TARGET = 15.2;
				LD_RUNPATH_SEARCH_PATHS = (
					"$(inherited)",
					"@executable_path/Frameworks",
					"@loader_path/Frameworks",
				);
				MARKETING_VERSION = 1.0;
				PRODUCT_BUNDLE_IDENTIFIER = com.antrax.MarvelTests;
				PRODUCT_NAME = "$(TARGET_NAME)";
				SWIFT_EMIT_LOC_STRINGS = NO;
				SWIFT_OPTIMIZATION_LEVEL = "-Onone";
				SWIFT_VERSION = 5.0;
				TARGETED_DEVICE_FAMILY = "1,2";
				TEST_HOST = "$(BUILT_PRODUCTS_DIR)/Marvel.app/Marvel";
			};
			name = Debug;
		};
		C27BAC6827E3C7CE0068DEB9 /* Release */ = {
			isa = XCBuildConfiguration;
			baseConfigurationReference = A3FE70C9C5B73AEFF2A4BBBF /* Pods-MarvelTests.release.xcconfig */;
			buildSettings = {
				ALWAYS_EMBED_SWIFT_STANDARD_LIBRARIES = YES;
				BUNDLE_LOADER = "$(TEST_HOST)";
				CLANG_ENABLE_MODULES = YES;
				CODE_SIGN_STYLE = Automatic;
				CURRENT_PROJECT_VERSION = 1;
				DEVELOPMENT_TEAM = DW35F92222;
				GENERATE_INFOPLIST_FILE = YES;
				IPHONEOS_DEPLOYMENT_TARGET = 15.2;
				LD_RUNPATH_SEARCH_PATHS = (
					"$(inherited)",
					"@executable_path/Frameworks",
					"@loader_path/Frameworks",
				);
				MARKETING_VERSION = 1.0;
				PRODUCT_BUNDLE_IDENTIFIER = com.antrax.MarvelTests;
				PRODUCT_NAME = "$(TARGET_NAME)";
				SWIFT_EMIT_LOC_STRINGS = NO;
				SWIFT_VERSION = 5.0;
				TARGETED_DEVICE_FAMILY = "1,2";
				TEST_HOST = "$(BUILT_PRODUCTS_DIR)/Marvel.app/Marvel";
			};
			name = Release;
		};
		C27BAC6A27E3C7CE0068DEB9 /* Debug */ = {
			isa = XCBuildConfiguration;
			baseConfigurationReference = 5EC34A50B24A67B36F379912 /* Pods-Marvel-MarvelUITests.debug.xcconfig */;
			buildSettings = {
				ALWAYS_EMBED_SWIFT_STANDARD_LIBRARIES = YES;
				CODE_SIGN_STYLE = Automatic;
				CURRENT_PROJECT_VERSION = 1;
				DEVELOPMENT_TEAM = DW35F92222;
				GENERATE_INFOPLIST_FILE = YES;
				MARKETING_VERSION = 1.0;
				PRODUCT_BUNDLE_IDENTIFIER = com.antrax.MarvelUITests;
				PRODUCT_NAME = "$(TARGET_NAME)";
				SWIFT_EMIT_LOC_STRINGS = NO;
				SWIFT_VERSION = 5.0;
				TARGETED_DEVICE_FAMILY = "1,2";
				TEST_TARGET_NAME = Marvel;
			};
			name = Debug;
		};
		C27BAC6B27E3C7CE0068DEB9 /* Release */ = {
			isa = XCBuildConfiguration;
			baseConfigurationReference = ACAD733BCB4155247C1315F2 /* Pods-Marvel-MarvelUITests.release.xcconfig */;
			buildSettings = {
				ALWAYS_EMBED_SWIFT_STANDARD_LIBRARIES = YES;
				CODE_SIGN_STYLE = Automatic;
				CURRENT_PROJECT_VERSION = 1;
				DEVELOPMENT_TEAM = DW35F92222;
				GENERATE_INFOPLIST_FILE = YES;
				MARKETING_VERSION = 1.0;
				PRODUCT_BUNDLE_IDENTIFIER = com.antrax.MarvelUITests;
				PRODUCT_NAME = "$(TARGET_NAME)";
				SWIFT_EMIT_LOC_STRINGS = NO;
				SWIFT_VERSION = 5.0;
				TARGETED_DEVICE_FAMILY = "1,2";
				TEST_TARGET_NAME = Marvel;
			};
			name = Release;
		};
/* End XCBuildConfiguration section */

/* Begin XCConfigurationList section */
		C27BAC3127E3C7CB0068DEB9 /* Build configuration list for PBXProject "Marvel" */ = {
			isa = XCConfigurationList;
			buildConfigurations = (
				C27BAC6127E3C7CE0068DEB9 /* Debug */,
				C27BAC6227E3C7CE0068DEB9 /* Release */,
			);
			defaultConfigurationIsVisible = 0;
			defaultConfigurationName = Release;
		};
		C27BAC6327E3C7CE0068DEB9 /* Build configuration list for PBXNativeTarget "Marvel" */ = {
			isa = XCConfigurationList;
			buildConfigurations = (
				C27BAC6427E3C7CE0068DEB9 /* Debug */,
				C27BAC6527E3C7CE0068DEB9 /* Release */,
			);
			defaultConfigurationIsVisible = 0;
			defaultConfigurationName = Release;
		};
		C27BAC6627E3C7CE0068DEB9 /* Build configuration list for PBXNativeTarget "MarvelTests" */ = {
			isa = XCConfigurationList;
			buildConfigurations = (
				C27BAC6727E3C7CE0068DEB9 /* Debug */,
				C27BAC6827E3C7CE0068DEB9 /* Release */,
			);
			defaultConfigurationIsVisible = 0;
			defaultConfigurationName = Release;
		};
		C27BAC6927E3C7CE0068DEB9 /* Build configuration list for PBXNativeTarget "MarvelUITests" */ = {
			isa = XCConfigurationList;
			buildConfigurations = (
				C27BAC6A27E3C7CE0068DEB9 /* Debug */,
				C27BAC6B27E3C7CE0068DEB9 /* Release */,
			);
			defaultConfigurationIsVisible = 0;
			defaultConfigurationName = Release;
		};
/* End XCConfigurationList section */

/* Begin XCVersionGroup section */
		C2D9241E2804AE9B00CF1AF0 /* Marvel.xcdatamodeld */ = {
			isa = XCVersionGroup;
			children = (
				C2D9241F2804AE9B00CF1AF0 /* Marvel.xcdatamodel */,
			);
			currentVersion = C2D9241F2804AE9B00CF1AF0 /* Marvel.xcdatamodel */;
			path = Marvel.xcdatamodeld;
			sourceTree = "<group>";
			versionGroupType = wrapper.xcdatamodel;
		};
/* End XCVersionGroup section */
	};
	rootObject = C27BAC2E27E3C7CB0068DEB9 /* Project object */;
}
